// !$*UTF8*$!
{
	archiveVersion = 1;
	classes = {
	};
	objectVersion = 56;
	objects = {

/* Begin PBXBuildFile section */
		91355A92293AEE4700907610 /* WeNeverDieApp.swift in Sources */ = {isa = PBXBuildFile; fileRef = 91355A91293AEE4700907610 /* WeNeverDieApp.swift */; };
		91355A9B293AEE4800907610 /* Assets.xcassets in Resources */ = {isa = PBXBuildFile; fileRef = 91355A9A293AEE4800907610 /* Assets.xcassets */; };
		91355A9F293AEE4800907610 /* Preview Assets.xcassets in Resources */ = {isa = PBXBuildFile; fileRef = 91355A9E293AEE4800907610 /* Preview Assets.xcassets */; };
		91355AA9293AEE4800907610 /* WeNeverDieTests.swift in Sources */ = {isa = PBXBuildFile; fileRef = 91355AA8293AEE4800907610 /* WeNeverDieTests.swift */; };
		91355AB3293AEE4800907610 /* WeNeverDieUITests.swift in Sources */ = {isa = PBXBuildFile; fileRef = 91355AB2293AEE4800907610 /* WeNeverDieUITests.swift */; };
		91355AB5293AEE4800907610 /* WeNeverDieUITestsLaunchTests.swift in Sources */ = {isa = PBXBuildFile; fileRef = 91355AB4293AEE4800907610 /* WeNeverDieUITestsLaunchTests.swift */; };
		91355AC2293AEE5C00907610 /* Board.swift in Sources */ = {isa = PBXBuildFile; fileRef = 91355AC1293AEE5C00907610 /* Board.swift */; };
		91355AC6293AEE6A00907610 /* OutsideView.swift in Sources */ = {isa = PBXBuildFile; fileRef = 91355AC3293AEE6A00907610 /* OutsideView.swift */; };
		91355AC8293AEE6B00907610 /* Piece.swift in Sources */ = {isa = PBXBuildFile; fileRef = 91355AC5293AEE6A00907610 /* Piece.swift */; };
		91355ACA293AF0E600907610 /* playerUnit.swift in Sources */ = {isa = PBXBuildFile; fileRef = 91355AC9293AF0E600907610 /* playerUnit.swift */; };
		CA16EABE29C9356D0047593B /* ResetButtonView.swift in Sources */ = {isa = PBXBuildFile; fileRef = CA16EABD29C9356D0047593B /* ResetButtonView.swift */; };
		CA16EAC029C935D50047593B /* HardModeResetButtonView.swift in Sources */ = {isa = PBXBuildFile; fileRef = CA16EABF29C935D50047593B /* HardModeResetButtonView.swift */; };
		CA16EAC329C93D1F0047593B /* NextTurnButton.swift in Sources */ = {isa = PBXBuildFile; fileRef = CA16EAC229C93D1F0047593B /* NextTurnButton.swift */; };
		CA16EAC529C93DBD0047593B /* SearchButton.swift in Sources */ = {isa = PBXBuildFile; fileRef = CA16EAC429C93DBD0047593B /* SearchButton.swift */; };
		CA16EAC729C93E3B0047593B /* CountDown.swift in Sources */ = {isa = PBXBuildFile; fileRef = CA16EAC629C93E3B0047593B /* CountDown.swift */; };
		CA16EAC929C93EBC0047593B /* FoodCounter.swift in Sources */ = {isa = PBXBuildFile; fileRef = CA16EAC829C93EBC0047593B /* FoodCounter.swift */; };
		CA16EAE829CA95D70047593B /* BeginMissionButton.swift in Sources */ = {isa = PBXBuildFile; fileRef = CA16EAE729CA95D70047593B /* BeginMissionButton.swift */; };
		CA16EAEA29CA975F0047593B /* PassDayButton.swift in Sources */ = {isa = PBXBuildFile; fileRef = CA16EAE929CA975F0047593B /* PassDayButton.swift */; };
		CA16EAEC29CAA0750047593B /* RightHandButtons.swift in Sources */ = {isa = PBXBuildFile; fileRef = CA16EAEB29CAA0750047593B /* RightHandButtons.swift */; };
		CA16EAEE29CAA0A20047593B /* LeftHandButtons.swift in Sources */ = {isa = PBXBuildFile; fileRef = CA16EAED29CAA0A20047593B /* LeftHandButtons.swift */; };
		CA16EAF029CAA3410047593B /* survivorSelector.swift in Sources */ = {isa = PBXBuildFile; fileRef = CA16EAEF29CAA3410047593B /* survivorSelector.swift */; };
		CA17474029A938AB00B81EF8 /* PieceDisplay.swift in Sources */ = {isa = PBXBuildFile; fileRef = CA17473F29A938AB00B81EF8 /* PieceDisplay.swift */; };
		CA23AE5B29514D69003DC26D /* Tile.swift in Sources */ = {isa = PBXBuildFile; fileRef = CA23AE5A29514D69003DC26D /* Tile.swift */; };
		CA23AE5D29523977003DC26D /* Zombie.swift in Sources */ = {isa = PBXBuildFile; fileRef = CA23AE5C29523977003DC26D /* Zombie.swift */; };
		CA2A2E672A06B2D6006FEE7D /* Alert Noise Trimmed.m4a in Resources */ = {isa = PBXBuildFile; fileRef = CA2A2E662A06B2D6006FEE7D /* Alert Noise Trimmed.m4a */; };
		CA2A2E682A06C071006FEE7D /* Kurt - Cheel.mp3 in Resources */ = {isa = PBXBuildFile; fileRef = CA341E8529A5912E00225529 /* Kurt - Cheel.mp3 */; };
		CA2A2E6A2A06C7B4006FEE7D /* AudioManager.swift in Sources */ = {isa = PBXBuildFile; fileRef = CA2A2E692A06C7B4006FEE7D /* AudioManager.swift */; };
		CA2A2E6B2A06F58C006FEE7D /* Wet Eating.m4a in Resources */ = {isa = PBXBuildFile; fileRef = CA3314DF29C80C0F00442EC3 /* Wet Eating.m4a */; };
		CA3314DE29C8096D00442EC3 /* ResultScreen.swift in Sources */ = {isa = PBXBuildFile; fileRef = CA3314DD29C8096D00442EC3 /* ResultScreen.swift */; };
		CA3314EC29C9136F00442EC3 /* PieceStatsDisplay.swift in Sources */ = {isa = PBXBuildFile; fileRef = CA3314EB29C9136F00442EC3 /* PieceStatsDisplay.swift */; };
		CA3323192A1C352D0078E79C /* BuildingManager.swift in Sources */ = {isa = PBXBuildFile; fileRef = CA3323182A1C352D0078E79C /* BuildingManager.swift */; };
		CA33231B2A1C37C80078E79C /* ResourceData.swift in Sources */ = {isa = PBXBuildFile; fileRef = CA33231A2A1C37C80078E79C /* ResourceData.swift */; };
		CA33231D2A1C38920078E79C /* StockpileManager.swift in Sources */ = {isa = PBXBuildFile; fileRef = CA33231C2A1C38920078E79C /* StockpileManager.swift */; };
		CA33231F2A1C40540078E79C /* GameCondition.swift in Sources */ = {isa = PBXBuildFile; fileRef = CA33231E2A1C40540078E79C /* GameCondition.swift */; };
		CA3323232A1C46A10078E79C /* BuildingView.swift in Sources */ = {isa = PBXBuildFile; fileRef = CA3323222A1C46A10078E79C /* BuildingView.swift */; };
		CA3323462A1D11220078E79C /* BuildingViewConstructor.swift in Sources */ = {isa = PBXBuildFile; fileRef = CA3323452A1D11220078E79C /* BuildingViewConstructor.swift */; };
		CA33239B2A1D520B0078E79C /* car startingSFX.mp3 in Resources */ = {isa = PBXBuildFile; fileRef = CA33239A2A1D520B0078E79C /* car startingSFX.mp3 */; };
		CA48C74C298387E200106B97 /* MobFunc.swift in Sources */ = {isa = PBXBuildFile; fileRef = CA48C74B298387E200106B97 /* MobFunc.swift */; };
		CA744D2B29A7D10A00F40B4F /* BoardFunctions.swift in Sources */ = {isa = PBXBuildFile; fileRef = CA744D2A29A7D10A00F40B4F /* BoardFunctions.swift */; };
		CA744D2D29A8113E00F40B4F /* TutorialView.swift in Sources */ = {isa = PBXBuildFile; fileRef = CA744D2C29A8113E00F40B4F /* TutorialView.swift */; };
		CA744D2F29A82C6300F40B4F /* tileExplainView.swift in Sources */ = {isa = PBXBuildFile; fileRef = CA744D2E29A82C6300F40B4F /* tileExplainView.swift */; };
		CA744D3129A83D5B00F40B4F /* Settings.swift in Sources */ = {isa = PBXBuildFile; fileRef = CA744D3029A83D5B00F40B4F /* Settings.swift */; };
		CA7510AF2A095392004AAAE3 /* TappableSlider.swift in Sources */ = {isa = PBXBuildFile; fileRef = CA7510AE2A095392004AAAE3 /* TappableSlider.swift */; };
		CA7510B32A097A53004AAAE3 /* MuteToggleButton.swift in Sources */ = {isa = PBXBuildFile; fileRef = CA7510B22A097A53004AAAE3 /* MuteToggleButton.swift */; };
		CA7510B52A097E29004AAAE3 /* ResetButtons.swift in Sources */ = {isa = PBXBuildFile; fileRef = CA7510B42A097E29004AAAE3 /* ResetButtons.swift */; };
		CA7510B72A098897004AAAE3 /* BadResultView.swift in Sources */ = {isa = PBXBuildFile; fileRef = CA7510B62A098897004AAAE3 /* BadResultView.swift */; };
		CA7510B92A098C02004AAAE3 /* DistractionView.swift in Sources */ = {isa = PBXBuildFile; fileRef = CA7510B82A098C02004AAAE3 /* DistractionView.swift */; };
		CA7981E329DB2E16005D9382 /* staminaBars.swift in Sources */ = {isa = PBXBuildFile; fileRef = CA7981E229DB2E16005D9382 /* staminaBars.swift */; };
		CA85A61B29CB5D8500900C3C /* DefaultStatDisplay.swift in Sources */ = {isa = PBXBuildFile; fileRef = CA85A61A29CB5D8500900C3C /* DefaultStatDisplay.swift */; };
		CA8B95D029DE42B90099C121 /* LazySurvivorSelector.swift in Sources */ = {isa = PBXBuildFile; fileRef = CA8B95CF29DE42B90099C121 /* LazySurvivorSelector.swift */; };
		CA8B95DD29EB8CD40099C121 /* handleTapFunctions.swift in Sources */ = {isa = PBXBuildFile; fileRef = CA8B95DC29EB8CD40099C121 /* handleTapFunctions.swift */; };
		CA90F82429ABA81A00AD34E9 /* ExitOverlayView.swift in Sources */ = {isa = PBXBuildFile; fileRef = CA90F82329ABA81A00AD34E9 /* ExitOverlayView.swift */; };
		CA90F82629ABAF1F00AD34E9 /* TilePieceDisplay.swift in Sources */ = {isa = PBXBuildFile; fileRef = CA90F82529ABAF1F00AD34E9 /* TilePieceDisplay.swift */; };
		CA90F82B29ABDDC600AD34E9 /* CampStats.swift in Sources */ = {isa = PBXBuildFile; fileRef = CA90F82A29ABDDC600AD34E9 /* CampStats.swift */; };
		CA90F82D29ABDE0C00AD34E9 /* DefeatView.swift in Sources */ = {isa = PBXBuildFile; fileRef = CA90F82C29ABDE0C00AD34E9 /* DefeatView.swift */; };
		CA90F82F29ABDE2A00AD34E9 /* VictoryView.swift in Sources */ = {isa = PBXBuildFile; fileRef = CA90F82E29ABDE2A00AD34E9 /* VictoryView.swift */; };
		CA90F83129ABDE9900AD34E9 /* TopButtons.swift in Sources */ = {isa = PBXBuildFile; fileRef = CA90F83029ABDE9900AD34E9 /* TopButtons.swift */; };
		CA9A027F29B64A4400ED390B /* recruit.swift in Sources */ = {isa = PBXBuildFile; fileRef = CA9A027E29B64A4400ED390B /* recruit.swift */; };
		CA9A028529B6DF1800ED390B /* waterExplainView.swift in Sources */ = {isa = PBXBuildFile; fileRef = CA9A028429B6DF1800ED390B /* waterExplainView.swift */; };
		CA9A028729B6DF4400ED390B /* sendOff.swift in Sources */ = {isa = PBXBuildFile; fileRef = CA9A028629B6DF4400ED390B /* sendOff.swift */; };
		CA9A028929B6DF6400ED390B /* grassTutorial.swift in Sources */ = {isa = PBXBuildFile; fileRef = CA9A028829B6DF6400ED390B /* grassTutorial.swift */; };
		CA9A028B29B6DF8000ED390B /* escapeExplainView.swift in Sources */ = {isa = PBXBuildFile; fileRef = CA9A028A29B6DF8000ED390B /* escapeExplainView.swift */; };
		CA9A028D29B6DF9700ED390B /* buildingAndScavengeExplained.swift in Sources */ = {isa = PBXBuildFile; fileRef = CA9A028C29B6DF9700ED390B /* buildingAndScavengeExplained.swift */; };
		CA9A028F29B6DFAB00ED390B /* forestExplainView.swift in Sources */ = {isa = PBXBuildFile; fileRef = CA9A028E29B6DFAB00ED390B /* forestExplainView.swift */; };
		CA9A029129B6DFCF00ED390B /* introText.swift in Sources */ = {isa = PBXBuildFile; fileRef = CA9A029029B6DFCF00ED390B /* introText.swift */; };
		CA9A029329B6DFEC00ED390B /* enemyView.swift in Sources */ = {isa = PBXBuildFile; fileRef = CA9A029229B6DFEC00ED390B /* enemyView.swift */; };
		CA9A029529B6E00200ED390B /* HowToMove.swift in Sources */ = {isa = PBXBuildFile; fileRef = CA9A029429B6E00200ED390B /* HowToMove.swift */; };
		CA9A029729B6E01800ED390B /* HowToAttack.swift in Sources */ = {isa = PBXBuildFile; fileRef = CA9A029629B6E01800ED390B /* HowToAttack.swift */; };
		CA9A029D29B9363700ED390B /* Building.swift in Sources */ = {isa = PBXBuildFile; fileRef = CA9A029C29B9363700ED390B /* Building.swift */; };
		CA9A02A429B946B700ED390B /* UserDefaultsPersistance.swift in Sources */ = {isa = PBXBuildFile; fileRef = CA9A029E29B944ED00ED390B /* UserDefaultsPersistance.swift */; };
		CA9A02A629B94B2700ED390B /* DataService.swift in Sources */ = {isa = PBXBuildFile; fileRef = CA9A02A529B94B2700ED390B /* DataService.swift */; };
		CA9A02B429B970EB00ED390B /* CureProgressView.swift in Sources */ = {isa = PBXBuildFile; fileRef = CA9A02B329B970EB00ED390B /* CureProgressView.swift */; };
		CA9A02B629B972F300ED390B /* PieceRotationTest.swift in Sources */ = {isa = PBXBuildFile; fileRef = CA9A02B529B972F300ED390B /* PieceRotationTest.swift */; };
		CA9A032C29BD7F7B00ED390B /* SkipTutorialButton.swift in Sources */ = {isa = PBXBuildFile; fileRef = CA9A032B29BD7F7B00ED390B /* SkipTutorialButton.swift */; };
		CA9A032E29BE36AA00ED390B /* firstTutorialExit.swift in Sources */ = {isa = PBXBuildFile; fileRef = CA9A032D29BE36AA00ED390B /* firstTutorialExit.swift */; };
		CA9A033429BE4D6700ED390B /* CureProgressInfoView.swift in Sources */ = {isa = PBXBuildFile; fileRef = CA9A033329BE4D6700ED390B /* CureProgressInfoView.swift */; };
		CA9A033929BE87E300ED390B /* VerticalProgressBar.swift in Sources */ = {isa = PBXBuildFile; fileRef = CA9A033829BE87E300ED390B /* VerticalProgressBar.swift */; };
		CA9A033B29BE954700ED390B /* NightExitView.swift in Sources */ = {isa = PBXBuildFile; fileRef = CA9A033A29BE954700ED390B /* NightExitView.swift */; };
		CA9A034029BE9D6E00ED390B /* NightDecisionView.swift in Sources */ = {isa = PBXBuildFile; fileRef = CA9A033F29BE9D6E00ED390B /* NightDecisionView.swift */; };
		CA9A034329BF7A0200ED390B /* NightResultsCalculator.swift in Sources */ = {isa = PBXBuildFile; fileRef = CA9A034229BF7A0200ED390B /* NightResultsCalculator.swift */; };
		CA9A034529BF7ABE00ED390B /* MessageView.swift in Sources */ = {isa = PBXBuildFile; fileRef = CA9A034429BF7ABE00ED390B /* MessageView.swift */; };
		CA9A034829BFD14400ED390B /* Monster Noises.m4a in Resources */ = {isa = PBXBuildFile; fileRef = CA8A319B296CC04C00755BCE /* Monster Noises.m4a */; };
		CA9A034A29BFD25400ED390B /* The Dismal Hand - The Whole Other.mp3 in Resources */ = {isa = PBXBuildFile; fileRef = CA9A034929BFD25400ED390B /* The Dismal Hand - The Whole Other.mp3 */; };
		CA9A034C29BFD50000ED390B /* Long Growl.m4a in Resources */ = {isa = PBXBuildFile; fileRef = CA9A034B29BFD4FF00ED390B /* Long Growl.m4a */; };
		CA9A034E29BFD57000ED390B /* Nom.m4a in Resources */ = {isa = PBXBuildFile; fileRef = CA9A034D29BFD57000ED390B /* Nom.m4a */; };
		CA9A035029BFF57200ED390B /* knifestabsfx.mp3 in Resources */ = {isa = PBXBuildFile; fileRef = CA9A034F29BFF57200ED390B /* knifestabsfx.mp3 */; };
		CA9A036429C0DE8D00ED390B /* EmptySearch.mp3 in Resources */ = {isa = PBXBuildFile; fileRef = CA9A036329C0DE8D00ED390B /* EmptySearch.mp3 */; };
		CA9A036629C0DF7200ED390B /* Van DoorSFX.mp3 in Resources */ = {isa = PBXBuildFile; fileRef = CA9A036529C0DF7200ED390B /* Van DoorSFX.mp3 */; };
		CA9A036829C0E06900ED390B /* LeavingSFX.mp3 in Resources */ = {isa = PBXBuildFile; fileRef = CA9A036729C0E06900ED390B /* LeavingSFX.mp3 */; };
		CA9A036A29C0E41E00ED390B /* Shadows - Anno Domini Beats.mp3 in Resources */ = {isa = PBXBuildFile; fileRef = CA9A036929C0E41E00ED390B /* Shadows - Anno Domini Beats.mp3 */; };
		CA9A036C29C0EED600ED390B /* AlertExample.swift in Sources */ = {isa = PBXBuildFile; fileRef = CA9A036B29C0EED600ED390B /* AlertExample.swift */; };
		CAA91FDA29A2DF5C00DCCEC5 /* ResourcePool.swift in Sources */ = {isa = PBXBuildFile; fileRef = CAA91FD929A2DF5C00DCCEC5 /* ResourcePool.swift */; };
		CAAD62EC2A25641A00670216 /* Next Turn Quiet.mp3 in Resources */ = {isa = PBXBuildFile; fileRef = CAAD62EB2A25641A00670216 /* Next Turn Quiet.mp3 */; };
		CAAD62EE2A2564A200670216 /* Improved Thump.mp3 in Resources */ = {isa = PBXBuildFile; fileRef = CAAD62ED2A2564A200670216 /* Improved Thump.mp3 */; };
		CAAD62F02A25651200670216 /* Smaller Complete Hammer.mp3 in Resources */ = {isa = PBXBuildFile; fileRef = CAAD62EF2A25651200670216 /* Smaller Complete Hammer.mp3 */; };
		CAAD62F22A25655B00670216 /* Better Hammer.mp3 in Resources */ = {isa = PBXBuildFile; fileRef = CAAD62F12A25655B00670216 /* Better Hammer.mp3 */; };
		CAAD62F42A256A4800670216 /* betterGrabbing.mp3 in Resources */ = {isa = PBXBuildFile; fileRef = CAAD62F32A256A4800670216 /* betterGrabbing.mp3 */; };
		CAAD62F62A256ACB00670216 /* betterStabs.mp3 in Resources */ = {isa = PBXBuildFile; fileRef = CAAD62F52A256ACB00670216 /* betterStabs.mp3 */; };
		CAB1618E2A2BD7B700EEF16A /* CampInterface.swift in Sources */ = {isa = PBXBuildFile; fileRef = CAB1618D2A2BD7B700EEF16A /* CampInterface.swift */; };
		CACCD56F298C8085005BE6DE /* GameView.swift in Sources */ = {isa = PBXBuildFile; fileRef = CACCD56E298C8085005BE6DE /* GameView.swift */; };
		CACCD571298C8B5A005BE6DE /* Camp.swift in Sources */ = {isa = PBXBuildFile; fileRef = CACCD570298C8B5A005BE6DE /* Camp.swift */; };
		CAD25F8629AD11ED0037C6F6 /* StatusViewBar.swift in Sources */ = {isa = PBXBuildFile; fileRef = CAD25F8529AD11ED0037C6F6 /* StatusViewBar.swift */; };
		CAD25F8829AD15000037C6F6 /* BoardView.swift in Sources */ = {isa = PBXBuildFile; fileRef = CAD25F8729AD15000037C6F6 /* BoardView.swift */; };
		CAE88A4B2975E43000AEB5B0 /* ZombieFunc.swift in Sources */ = {isa = PBXBuildFile; fileRef = CAE88A4A2975E43000AEB5B0 /* ZombieFunc.swift */; };
		CAE88A4D2975E4DC00AEB5B0 /* PlayerFunc.swift in Sources */ = {isa = PBXBuildFile; fileRef = CAE88A4C2975E4DC00AEB5B0 /* PlayerFunc.swift */; };
		CAE88A512975E6AB00AEB5B0 /* PerTurn.swift in Sources */ = {isa = PBXBuildFile; fileRef = CAE88A502975E6AB00AEB5B0 /* PerTurn.swift */; };
		CAF863062A1E8FC800D5957A /* Alert Noise 2.mp3 in Resources */ = {isa = PBXBuildFile; fileRef = CAF863052A1E8FC800D5957A /* Alert Noise 2.mp3 */; };
		CAF863082A1E916200D5957A /* Alert Noise Much Louder.mp3 in Resources */ = {isa = PBXBuildFile; fileRef = CAF863072A1E916200D5957A /* Alert Noise Much Louder.mp3 */; };
		CAF8630A2A1E931400D5957A /* cleanFootsteps2.mp3 in Resources */ = {isa = PBXBuildFile; fileRef = CAF863092A1E931400D5957A /* cleanFootsteps2.mp3 */; };
		CAF8630C2A1E94E200D5957A /* quieter car starting.mp3 in Resources */ = {isa = PBXBuildFile; fileRef = CAF8630B2A1E94E200D5957A /* quieter car starting.mp3 */; };
		CAF8630F2A1E98CA00D5957A /* close door sfx.mp3 in Resources */ = {isa = PBXBuildFile; fileRef = CAF8630D2A1E981B00D5957A /* close door sfx.mp3 */; };
		CAF863722A2003DA00D5957A /* BuildingData.swift in Sources */ = {isa = PBXBuildFile; fileRef = CAF863712A2003DA00D5957A /* BuildingData.swift */; };
		CAF863742A2003FE00D5957A /* AdvancementBuilding.swift in Sources */ = {isa = PBXBuildFile; fileRef = CAF863732A2003FE00D5957A /* AdvancementBuilding.swift */; };
		CAF863762A20041D00D5957A /* AdvancementData.swift in Sources */ = {isa = PBXBuildFile; fileRef = CAF863752A20041D00D5957A /* AdvancementData.swift */; };
		CAF863782A20045D00D5957A /* ProducerData.swift in Sources */ = {isa = PBXBuildFile; fileRef = CAF863772A20045D00D5957A /* ProducerData.swift */; };
		CAF8637C2A20049900D5957A /* ResourceProducer.swift in Sources */ = {isa = PBXBuildFile; fileRef = CAF8637B2A20049900D5957A /* ResourceProducer.swift */; };
		E5DE11A729AD28ED0095416B /* ViewExtensions.swift in Sources */ = {isa = PBXBuildFile; fileRef = E5DE11A629AD28ED0095416B /* ViewExtensions.swift */; };
/* End PBXBuildFile section */

/* Begin PBXContainerItemProxy section */
		91355AA5293AEE4800907610 /* PBXContainerItemProxy */ = {
			isa = PBXContainerItemProxy;
			containerPortal = 91355A86293AEE4700907610 /* Project object */;
			proxyType = 1;
			remoteGlobalIDString = 91355A8D293AEE4700907610;
			remoteInfo = BoardGame4;
		};
		91355AAF293AEE4800907610 /* PBXContainerItemProxy */ = {
			isa = PBXContainerItemProxy;
			containerPortal = 91355A86293AEE4700907610 /* Project object */;
			proxyType = 1;
			remoteGlobalIDString = 91355A8D293AEE4700907610;
			remoteInfo = BoardGame4;
		};
/* End PBXContainerItemProxy section */

/* Begin PBXFileReference section */
		91355A8E293AEE4700907610 /* WeNeverDie.app */ = {isa = PBXFileReference; explicitFileType = wrapper.application; includeInIndex = 0; path = WeNeverDie.app; sourceTree = BUILT_PRODUCTS_DIR; };
		91355A91293AEE4700907610 /* WeNeverDieApp.swift */ = {isa = PBXFileReference; lastKnownFileType = sourcecode.swift; path = WeNeverDieApp.swift; sourceTree = "<group>"; };
		91355A9A293AEE4800907610 /* Assets.xcassets */ = {isa = PBXFileReference; lastKnownFileType = folder.assetcatalog; path = Assets.xcassets; sourceTree = "<group>"; };
		91355A9C293AEE4800907610 /* WeNeverDie.entitlements */ = {isa = PBXFileReference; lastKnownFileType = text.plist.entitlements; path = WeNeverDie.entitlements; sourceTree = "<group>"; };
		91355A9E293AEE4800907610 /* Preview Assets.xcassets */ = {isa = PBXFileReference; lastKnownFileType = folder.assetcatalog; path = "Preview Assets.xcassets"; sourceTree = "<group>"; };
		91355AA4293AEE4800907610 /* WeNeverDieTests.xctest */ = {isa = PBXFileReference; explicitFileType = wrapper.cfbundle; includeInIndex = 0; path = WeNeverDieTests.xctest; sourceTree = BUILT_PRODUCTS_DIR; };
		91355AA8293AEE4800907610 /* WeNeverDieTests.swift */ = {isa = PBXFileReference; lastKnownFileType = sourcecode.swift; path = WeNeverDieTests.swift; sourceTree = "<group>"; };
		91355AAE293AEE4800907610 /* WeNeverDieUITests.xctest */ = {isa = PBXFileReference; explicitFileType = wrapper.cfbundle; includeInIndex = 0; path = WeNeverDieUITests.xctest; sourceTree = BUILT_PRODUCTS_DIR; };
		91355AB2293AEE4800907610 /* WeNeverDieUITests.swift */ = {isa = PBXFileReference; lastKnownFileType = sourcecode.swift; path = WeNeverDieUITests.swift; sourceTree = "<group>"; };
		91355AB4293AEE4800907610 /* WeNeverDieUITestsLaunchTests.swift */ = {isa = PBXFileReference; lastKnownFileType = sourcecode.swift; path = WeNeverDieUITestsLaunchTests.swift; sourceTree = "<group>"; };
		91355AC1293AEE5C00907610 /* Board.swift */ = {isa = PBXFileReference; fileEncoding = 4; lastKnownFileType = sourcecode.swift; path = Board.swift; sourceTree = "<group>"; };
		91355AC3293AEE6A00907610 /* OutsideView.swift */ = {isa = PBXFileReference; fileEncoding = 4; lastKnownFileType = sourcecode.swift; path = OutsideView.swift; sourceTree = "<group>"; };
		91355AC5293AEE6A00907610 /* Piece.swift */ = {isa = PBXFileReference; fileEncoding = 4; lastKnownFileType = sourcecode.swift; path = Piece.swift; sourceTree = "<group>"; };
		91355AC9293AF0E600907610 /* playerUnit.swift */ = {isa = PBXFileReference; lastKnownFileType = sourcecode.swift; path = playerUnit.swift; sourceTree = "<group>"; };
		CA16EABD29C9356D0047593B /* ResetButtonView.swift */ = {isa = PBXFileReference; lastKnownFileType = sourcecode.swift; path = ResetButtonView.swift; sourceTree = "<group>"; };
		CA16EABF29C935D50047593B /* HardModeResetButtonView.swift */ = {isa = PBXFileReference; lastKnownFileType = sourcecode.swift; path = HardModeResetButtonView.swift; sourceTree = "<group>"; };
		CA16EAC229C93D1F0047593B /* NextTurnButton.swift */ = {isa = PBXFileReference; lastKnownFileType = sourcecode.swift; path = NextTurnButton.swift; sourceTree = "<group>"; };
		CA16EAC429C93DBD0047593B /* SearchButton.swift */ = {isa = PBXFileReference; lastKnownFileType = sourcecode.swift; path = SearchButton.swift; sourceTree = "<group>"; };
		CA16EAC629C93E3B0047593B /* CountDown.swift */ = {isa = PBXFileReference; lastKnownFileType = sourcecode.swift; path = CountDown.swift; sourceTree = "<group>"; };
		CA16EAC829C93EBC0047593B /* FoodCounter.swift */ = {isa = PBXFileReference; lastKnownFileType = sourcecode.swift; path = FoodCounter.swift; sourceTree = "<group>"; };
		CA16EAE729CA95D70047593B /* BeginMissionButton.swift */ = {isa = PBXFileReference; lastKnownFileType = sourcecode.swift; path = BeginMissionButton.swift; sourceTree = "<group>"; };
		CA16EAE929CA975F0047593B /* PassDayButton.swift */ = {isa = PBXFileReference; lastKnownFileType = sourcecode.swift; path = PassDayButton.swift; sourceTree = "<group>"; };
		CA16EAEB29CAA0750047593B /* RightHandButtons.swift */ = {isa = PBXFileReference; lastKnownFileType = sourcecode.swift; path = RightHandButtons.swift; sourceTree = "<group>"; };
		CA16EAED29CAA0A20047593B /* LeftHandButtons.swift */ = {isa = PBXFileReference; lastKnownFileType = sourcecode.swift; path = LeftHandButtons.swift; sourceTree = "<group>"; };
		CA16EAEF29CAA3410047593B /* survivorSelector.swift */ = {isa = PBXFileReference; lastKnownFileType = sourcecode.swift; path = survivorSelector.swift; sourceTree = "<group>"; };
		CA17473F29A938AB00B81EF8 /* PieceDisplay.swift */ = {isa = PBXFileReference; lastKnownFileType = sourcecode.swift; path = PieceDisplay.swift; sourceTree = "<group>"; };
		CA23AE5A29514D69003DC26D /* Tile.swift */ = {isa = PBXFileReference; lastKnownFileType = sourcecode.swift; path = Tile.swift; sourceTree = "<group>"; };
		CA23AE5C29523977003DC26D /* Zombie.swift */ = {isa = PBXFileReference; lastKnownFileType = sourcecode.swift; path = Zombie.swift; sourceTree = "<group>"; };
		CA2A2E662A06B2D6006FEE7D /* Alert Noise Trimmed.m4a */ = {isa = PBXFileReference; lastKnownFileType = file; path = "Alert Noise Trimmed.m4a"; sourceTree = "<group>"; };
		CA2A2E692A06C7B4006FEE7D /* AudioManager.swift */ = {isa = PBXFileReference; lastKnownFileType = sourcecode.swift; path = AudioManager.swift; sourceTree = "<group>"; };
		CA3314DD29C8096D00442EC3 /* ResultScreen.swift */ = {isa = PBXFileReference; lastKnownFileType = sourcecode.swift; path = ResultScreen.swift; sourceTree = "<group>"; };
		CA3314DF29C80C0F00442EC3 /* Wet Eating.m4a */ = {isa = PBXFileReference; lastKnownFileType = file; path = "Wet Eating.m4a"; sourceTree = "<group>"; };
		CA3314EB29C9136F00442EC3 /* PieceStatsDisplay.swift */ = {isa = PBXFileReference; lastKnownFileType = sourcecode.swift; path = PieceStatsDisplay.swift; sourceTree = "<group>"; };
		CA3323182A1C352D0078E79C /* BuildingManager.swift */ = {isa = PBXFileReference; lastKnownFileType = sourcecode.swift; path = BuildingManager.swift; sourceTree = "<group>"; };
		CA33231A2A1C37C80078E79C /* ResourceData.swift */ = {isa = PBXFileReference; lastKnownFileType = sourcecode.swift; path = ResourceData.swift; sourceTree = "<group>"; };
		CA33231C2A1C38920078E79C /* StockpileManager.swift */ = {isa = PBXFileReference; lastKnownFileType = sourcecode.swift; path = StockpileManager.swift; sourceTree = "<group>"; };
		CA33231E2A1C40540078E79C /* GameCondition.swift */ = {isa = PBXFileReference; lastKnownFileType = sourcecode.swift; path = GameCondition.swift; sourceTree = "<group>"; };
		CA3323222A1C46A10078E79C /* BuildingView.swift */ = {isa = PBXFileReference; lastKnownFileType = sourcecode.swift; path = BuildingView.swift; sourceTree = "<group>"; };
		CA3323452A1D11220078E79C /* BuildingViewConstructor.swift */ = {isa = PBXFileReference; lastKnownFileType = sourcecode.swift; path = BuildingViewConstructor.swift; sourceTree = "<group>"; };
		CA33239A2A1D520B0078E79C /* car startingSFX.mp3 */ = {isa = PBXFileReference; lastKnownFileType = audio.mp3; path = "car startingSFX.mp3"; sourceTree = "<group>"; };
		CA341E8529A5912E00225529 /* Kurt - Cheel.mp3 */ = {isa = PBXFileReference; lastKnownFileType = audio.mp3; path = "Kurt - Cheel.mp3"; sourceTree = "<group>"; };
		CA48C74B298387E200106B97 /* MobFunc.swift */ = {isa = PBXFileReference; lastKnownFileType = sourcecode.swift; path = MobFunc.swift; sourceTree = "<group>"; };
		CA744D2A29A7D10A00F40B4F /* BoardFunctions.swift */ = {isa = PBXFileReference; lastKnownFileType = sourcecode.swift; path = BoardFunctions.swift; sourceTree = "<group>"; };
		CA744D2C29A8113E00F40B4F /* TutorialView.swift */ = {isa = PBXFileReference; lastKnownFileType = sourcecode.swift; path = TutorialView.swift; sourceTree = "<group>"; };
		CA744D2E29A82C6300F40B4F /* tileExplainView.swift */ = {isa = PBXFileReference; lastKnownFileType = sourcecode.swift; path = tileExplainView.swift; sourceTree = "<group>"; };
		CA744D3029A83D5B00F40B4F /* Settings.swift */ = {isa = PBXFileReference; lastKnownFileType = sourcecode.swift; path = Settings.swift; sourceTree = "<group>"; };
		CA7510AE2A095392004AAAE3 /* TappableSlider.swift */ = {isa = PBXFileReference; lastKnownFileType = sourcecode.swift; path = TappableSlider.swift; sourceTree = "<group>"; };
		CA7510B22A097A53004AAAE3 /* MuteToggleButton.swift */ = {isa = PBXFileReference; lastKnownFileType = sourcecode.swift; path = MuteToggleButton.swift; sourceTree = "<group>"; };
		CA7510B42A097E29004AAAE3 /* ResetButtons.swift */ = {isa = PBXFileReference; lastKnownFileType = sourcecode.swift; path = ResetButtons.swift; sourceTree = "<group>"; };
		CA7510B62A098897004AAAE3 /* BadResultView.swift */ = {isa = PBXFileReference; lastKnownFileType = sourcecode.swift; path = BadResultView.swift; sourceTree = "<group>"; };
		CA7510B82A098C02004AAAE3 /* DistractionView.swift */ = {isa = PBXFileReference; lastKnownFileType = sourcecode.swift; path = DistractionView.swift; sourceTree = "<group>"; };
		CA7981E229DB2E16005D9382 /* staminaBars.swift */ = {isa = PBXFileReference; lastKnownFileType = sourcecode.swift; path = staminaBars.swift; sourceTree = "<group>"; };
		CA85A61A29CB5D8500900C3C /* DefaultStatDisplay.swift */ = {isa = PBXFileReference; lastKnownFileType = sourcecode.swift; path = DefaultStatDisplay.swift; sourceTree = "<group>"; };
		CA8A319B296CC04C00755BCE /* Monster Noises.m4a */ = {isa = PBXFileReference; lastKnownFileType = file; path = "Monster Noises.m4a"; sourceTree = "<group>"; };
		CA8B95CF29DE42B90099C121 /* LazySurvivorSelector.swift */ = {isa = PBXFileReference; lastKnownFileType = sourcecode.swift; path = LazySurvivorSelector.swift; sourceTree = "<group>"; };
		CA8B95DC29EB8CD40099C121 /* handleTapFunctions.swift */ = {isa = PBXFileReference; lastKnownFileType = sourcecode.swift; path = handleTapFunctions.swift; sourceTree = "<group>"; };
		CA90F82329ABA81A00AD34E9 /* ExitOverlayView.swift */ = {isa = PBXFileReference; lastKnownFileType = sourcecode.swift; path = ExitOverlayView.swift; sourceTree = "<group>"; };
		CA90F82529ABAF1F00AD34E9 /* TilePieceDisplay.swift */ = {isa = PBXFileReference; lastKnownFileType = sourcecode.swift; path = TilePieceDisplay.swift; sourceTree = "<group>"; };
		CA90F82A29ABDDC600AD34E9 /* CampStats.swift */ = {isa = PBXFileReference; lastKnownFileType = sourcecode.swift; path = CampStats.swift; sourceTree = "<group>"; };
		CA90F82C29ABDE0C00AD34E9 /* DefeatView.swift */ = {isa = PBXFileReference; lastKnownFileType = sourcecode.swift; path = DefeatView.swift; sourceTree = "<group>"; };
		CA90F82E29ABDE2A00AD34E9 /* VictoryView.swift */ = {isa = PBXFileReference; lastKnownFileType = sourcecode.swift; path = VictoryView.swift; sourceTree = "<group>"; };
		CA90F83029ABDE9900AD34E9 /* TopButtons.swift */ = {isa = PBXFileReference; lastKnownFileType = sourcecode.swift; path = TopButtons.swift; sourceTree = "<group>"; };
		CA9A027E29B64A4400ED390B /* recruit.swift */ = {isa = PBXFileReference; lastKnownFileType = sourcecode.swift; path = recruit.swift; sourceTree = "<group>"; };
		CA9A028429B6DF1800ED390B /* waterExplainView.swift */ = {isa = PBXFileReference; lastKnownFileType = sourcecode.swift; path = waterExplainView.swift; sourceTree = "<group>"; };
		CA9A028629B6DF4400ED390B /* sendOff.swift */ = {isa = PBXFileReference; lastKnownFileType = sourcecode.swift; path = sendOff.swift; sourceTree = "<group>"; };
		CA9A028829B6DF6400ED390B /* grassTutorial.swift */ = {isa = PBXFileReference; lastKnownFileType = sourcecode.swift; path = grassTutorial.swift; sourceTree = "<group>"; };
		CA9A028A29B6DF8000ED390B /* escapeExplainView.swift */ = {isa = PBXFileReference; lastKnownFileType = sourcecode.swift; path = escapeExplainView.swift; sourceTree = "<group>"; };
		CA9A028C29B6DF9700ED390B /* buildingAndScavengeExplained.swift */ = {isa = PBXFileReference; lastKnownFileType = sourcecode.swift; path = buildingAndScavengeExplained.swift; sourceTree = "<group>"; };
		CA9A028E29B6DFAB00ED390B /* forestExplainView.swift */ = {isa = PBXFileReference; lastKnownFileType = sourcecode.swift; path = forestExplainView.swift; sourceTree = "<group>"; };
		CA9A029029B6DFCF00ED390B /* introText.swift */ = {isa = PBXFileReference; lastKnownFileType = sourcecode.swift; path = introText.swift; sourceTree = "<group>"; };
		CA9A029229B6DFEC00ED390B /* enemyView.swift */ = {isa = PBXFileReference; lastKnownFileType = sourcecode.swift; path = enemyView.swift; sourceTree = "<group>"; };
		CA9A029429B6E00200ED390B /* HowToMove.swift */ = {isa = PBXFileReference; lastKnownFileType = sourcecode.swift; path = HowToMove.swift; sourceTree = "<group>"; };
		CA9A029629B6E01800ED390B /* HowToAttack.swift */ = {isa = PBXFileReference; lastKnownFileType = sourcecode.swift; path = HowToAttack.swift; sourceTree = "<group>"; };
		CA9A029C29B9363700ED390B /* Building.swift */ = {isa = PBXFileReference; lastKnownFileType = sourcecode.swift; path = Building.swift; sourceTree = "<group>"; };
		CA9A029E29B944ED00ED390B /* UserDefaultsPersistance.swift */ = {isa = PBXFileReference; lastKnownFileType = sourcecode.swift; path = UserDefaultsPersistance.swift; sourceTree = "<group>"; };
		CA9A02A529B94B2700ED390B /* DataService.swift */ = {isa = PBXFileReference; lastKnownFileType = sourcecode.swift; path = DataService.swift; sourceTree = "<group>"; };
		CA9A02B329B970EB00ED390B /* CureProgressView.swift */ = {isa = PBXFileReference; lastKnownFileType = sourcecode.swift; path = CureProgressView.swift; sourceTree = "<group>"; };
		CA9A02B529B972F300ED390B /* PieceRotationTest.swift */ = {isa = PBXFileReference; lastKnownFileType = sourcecode.swift; path = PieceRotationTest.swift; sourceTree = "<group>"; };
		CA9A032B29BD7F7B00ED390B /* SkipTutorialButton.swift */ = {isa = PBXFileReference; lastKnownFileType = sourcecode.swift; path = SkipTutorialButton.swift; sourceTree = "<group>"; };
		CA9A032D29BE36AA00ED390B /* firstTutorialExit.swift */ = {isa = PBXFileReference; lastKnownFileType = sourcecode.swift; path = firstTutorialExit.swift; sourceTree = "<group>"; };
		CA9A033329BE4D6700ED390B /* CureProgressInfoView.swift */ = {isa = PBXFileReference; lastKnownFileType = sourcecode.swift; path = CureProgressInfoView.swift; sourceTree = "<group>"; };
		CA9A033829BE87E300ED390B /* VerticalProgressBar.swift */ = {isa = PBXFileReference; fileEncoding = 4; lastKnownFileType = sourcecode.swift; path = VerticalProgressBar.swift; sourceTree = "<group>"; };
		CA9A033A29BE954700ED390B /* NightExitView.swift */ = {isa = PBXFileReference; lastKnownFileType = sourcecode.swift; path = NightExitView.swift; sourceTree = "<group>"; };
		CA9A033F29BE9D6E00ED390B /* NightDecisionView.swift */ = {isa = PBXFileReference; lastKnownFileType = sourcecode.swift; path = NightDecisionView.swift; sourceTree = "<group>"; };
		CA9A034229BF7A0200ED390B /* NightResultsCalculator.swift */ = {isa = PBXFileReference; lastKnownFileType = sourcecode.swift; path = NightResultsCalculator.swift; sourceTree = "<group>"; };
		CA9A034429BF7ABE00ED390B /* MessageView.swift */ = {isa = PBXFileReference; lastKnownFileType = sourcecode.swift; path = MessageView.swift; sourceTree = "<group>"; };
		CA9A034929BFD25400ED390B /* The Dismal Hand - The Whole Other.mp3 */ = {isa = PBXFileReference; lastKnownFileType = audio.mp3; path = "The Dismal Hand - The Whole Other.mp3"; sourceTree = "<group>"; };
		CA9A034B29BFD4FF00ED390B /* Long Growl.m4a */ = {isa = PBXFileReference; lastKnownFileType = file; path = "Long Growl.m4a"; sourceTree = "<group>"; };
		CA9A034D29BFD57000ED390B /* Nom.m4a */ = {isa = PBXFileReference; lastKnownFileType = file; path = Nom.m4a; sourceTree = "<group>"; };
		CA9A034F29BFF57200ED390B /* knifestabsfx.mp3 */ = {isa = PBXFileReference; lastKnownFileType = audio.mp3; path = knifestabsfx.mp3; sourceTree = "<group>"; };
		CA9A036329C0DE8D00ED390B /* EmptySearch.mp3 */ = {isa = PBXFileReference; lastKnownFileType = audio.mp3; path = EmptySearch.mp3; sourceTree = "<group>"; };
		CA9A036529C0DF7200ED390B /* Van DoorSFX.mp3 */ = {isa = PBXFileReference; lastKnownFileType = audio.mp3; path = "Van DoorSFX.mp3"; sourceTree = "<group>"; };
		CA9A036729C0E06900ED390B /* LeavingSFX.mp3 */ = {isa = PBXFileReference; lastKnownFileType = audio.mp3; path = LeavingSFX.mp3; sourceTree = "<group>"; };
		CA9A036929C0E41E00ED390B /* Shadows - Anno Domini Beats.mp3 */ = {isa = PBXFileReference; lastKnownFileType = audio.mp3; path = "Shadows - Anno Domini Beats.mp3"; sourceTree = "<group>"; };
		CA9A036B29C0EED600ED390B /* AlertExample.swift */ = {isa = PBXFileReference; lastKnownFileType = sourcecode.swift; path = AlertExample.swift; sourceTree = "<group>"; };
		CAA91FD929A2DF5C00DCCEC5 /* ResourcePool.swift */ = {isa = PBXFileReference; lastKnownFileType = sourcecode.swift; path = ResourcePool.swift; sourceTree = "<group>"; };
		CAAD62EB2A25641A00670216 /* Next Turn Quiet.mp3 */ = {isa = PBXFileReference; lastKnownFileType = audio.mp3; path = "Next Turn Quiet.mp3"; sourceTree = "<group>"; };
		CAAD62ED2A2564A200670216 /* Improved Thump.mp3 */ = {isa = PBXFileReference; lastKnownFileType = audio.mp3; path = "Improved Thump.mp3"; sourceTree = "<group>"; };
		CAAD62EF2A25651200670216 /* Smaller Complete Hammer.mp3 */ = {isa = PBXFileReference; lastKnownFileType = audio.mp3; path = "Smaller Complete Hammer.mp3"; sourceTree = "<group>"; };
		CAAD62F12A25655B00670216 /* Better Hammer.mp3 */ = {isa = PBXFileReference; lastKnownFileType = audio.mp3; path = "Better Hammer.mp3"; sourceTree = "<group>"; };
		CAAD62F32A256A4800670216 /* betterGrabbing.mp3 */ = {isa = PBXFileReference; lastKnownFileType = audio.mp3; path = betterGrabbing.mp3; sourceTree = "<group>"; };
		CAAD62F52A256ACB00670216 /* betterStabs.mp3 */ = {isa = PBXFileReference; lastKnownFileType = audio.mp3; path = betterStabs.mp3; sourceTree = "<group>"; };
		CAB1618D2A2BD7B700EEF16A /* CampInterface.swift */ = {isa = PBXFileReference; lastKnownFileType = sourcecode.swift; path = CampInterface.swift; sourceTree = "<group>"; };
		CACCD56E298C8085005BE6DE /* GameView.swift */ = {isa = PBXFileReference; lastKnownFileType = sourcecode.swift; path = GameView.swift; sourceTree = "<group>"; };
		CACCD570298C8B5A005BE6DE /* Camp.swift */ = {isa = PBXFileReference; lastKnownFileType = sourcecode.swift; path = Camp.swift; sourceTree = "<group>"; };
		CAD25F8529AD11ED0037C6F6 /* StatusViewBar.swift */ = {isa = PBXFileReference; lastKnownFileType = sourcecode.swift; path = StatusViewBar.swift; sourceTree = "<group>"; };
		CAD25F8729AD15000037C6F6 /* BoardView.swift */ = {isa = PBXFileReference; lastKnownFileType = sourcecode.swift; path = BoardView.swift; sourceTree = "<group>"; };
		CAE88A4A2975E43000AEB5B0 /* ZombieFunc.swift */ = {isa = PBXFileReference; lastKnownFileType = sourcecode.swift; path = ZombieFunc.swift; sourceTree = "<group>"; };
		CAE88A4C2975E4DC00AEB5B0 /* PlayerFunc.swift */ = {isa = PBXFileReference; lastKnownFileType = sourcecode.swift; path = PlayerFunc.swift; sourceTree = "<group>"; };
		CAE88A502975E6AB00AEB5B0 /* PerTurn.swift */ = {isa = PBXFileReference; lastKnownFileType = sourcecode.swift; path = PerTurn.swift; sourceTree = "<group>"; };
		CAF863052A1E8FC800D5957A /* Alert Noise 2.mp3 */ = {isa = PBXFileReference; lastKnownFileType = audio.mp3; path = "Alert Noise 2.mp3"; sourceTree = "<group>"; };
		CAF863072A1E916200D5957A /* Alert Noise Much Louder.mp3 */ = {isa = PBXFileReference; lastKnownFileType = audio.mp3; path = "Alert Noise Much Louder.mp3"; sourceTree = "<group>"; };
		CAF863092A1E931400D5957A /* cleanFootsteps2.mp3 */ = {isa = PBXFileReference; lastKnownFileType = audio.mp3; path = cleanFootsteps2.mp3; sourceTree = "<group>"; };
		CAF8630B2A1E94E200D5957A /* quieter car starting.mp3 */ = {isa = PBXFileReference; lastKnownFileType = audio.mp3; path = "quieter car starting.mp3"; sourceTree = "<group>"; };
		CAF8630D2A1E981B00D5957A /* close door sfx.mp3 */ = {isa = PBXFileReference; lastKnownFileType = audio.mp3; path = "close door sfx.mp3"; sourceTree = "<group>"; };
		CAF863712A2003DA00D5957A /* BuildingData.swift */ = {isa = PBXFileReference; lastKnownFileType = sourcecode.swift; path = BuildingData.swift; sourceTree = "<group>"; };
		CAF863732A2003FE00D5957A /* AdvancementBuilding.swift */ = {isa = PBXFileReference; lastKnownFileType = sourcecode.swift; path = AdvancementBuilding.swift; sourceTree = "<group>"; };
		CAF863752A20041D00D5957A /* AdvancementData.swift */ = {isa = PBXFileReference; lastKnownFileType = sourcecode.swift; path = AdvancementData.swift; sourceTree = "<group>"; };
		CAF863772A20045D00D5957A /* ProducerData.swift */ = {isa = PBXFileReference; lastKnownFileType = sourcecode.swift; path = ProducerData.swift; sourceTree = "<group>"; };
		CAF8637B2A20049900D5957A /* ResourceProducer.swift */ = {isa = PBXFileReference; lastKnownFileType = sourcecode.swift; path = ResourceProducer.swift; sourceTree = "<group>"; };
		E5DE11A629AD28ED0095416B /* ViewExtensions.swift */ = {isa = PBXFileReference; lastKnownFileType = sourcecode.swift; path = ViewExtensions.swift; sourceTree = "<group>"; };
/* End PBXFileReference section */

/* Begin PBXFrameworksBuildPhase section */
		91355A8B293AEE4700907610 /* Frameworks */ = {
			isa = PBXFrameworksBuildPhase;
			buildActionMask = 2147483647;
			files = (
			);
			runOnlyForDeploymentPostprocessing = 0;
		};
		91355AA1293AEE4800907610 /* Frameworks */ = {
			isa = PBXFrameworksBuildPhase;
			buildActionMask = 2147483647;
			files = (
			);
			runOnlyForDeploymentPostprocessing = 0;
		};
		91355AAB293AEE4800907610 /* Frameworks */ = {
			isa = PBXFrameworksBuildPhase;
			buildActionMask = 2147483647;
			files = (
			);
			runOnlyForDeploymentPostprocessing = 0;
		};
/* End PBXFrameworksBuildPhase section */

/* Begin PBXGroup section */
		91355A85293AEE4700907610 = {
			isa = PBXGroup;
			children = (
				91355A90293AEE4700907610 /* WeNeverDie */,
				91355AA7293AEE4800907610 /* WeNeverDieTests */,
				91355AB1293AEE4800907610 /* WeNeverDieUITests */,
				91355A8F293AEE4700907610 /* Products */,
			);
			sourceTree = "<group>";
		};
		91355A8F293AEE4700907610 /* Products */ = {
			isa = PBXGroup;
			children = (
				91355A8E293AEE4700907610 /* WeNeverDie.app */,
				91355AA4293AEE4800907610 /* WeNeverDieTests.xctest */,
				91355AAE293AEE4800907610 /* WeNeverDieUITests.xctest */,
			);
			name = Products;
			sourceTree = "<group>";
		};
		91355A90293AEE4700907610 /* WeNeverDie */ = {
			isa = PBXGroup;
			children = (
				91355A91293AEE4700907610 /* WeNeverDieApp.swift */,
				E5DE11A529AD28E10095416B /* Style */,
				CA9A033729BE5E9700ED390B /* Components */,
				91355AD1293AF5FE00907610 /* CoreData */,
				CACCD579298C8C10005BE6DE /* Outside Mode */,
				CA17474129A9446B00B81EF8 /* Camp Mode */,
				CA17474729A9457900B81EF8 /* Tutorial */,
				CA16EACA29C93FF00047593B /* Settings */,
				CA8A319A296CC03E00755BCE /* Sounds */,
				91355A9A293AEE4800907610 /* Assets.xcassets */,
				91355A9C293AEE4800907610 /* WeNeverDie.entitlements */,
				91355A9D293AEE4800907610 /* Preview Content */,
			);
			path = WeNeverDie;
			sourceTree = "<group>";
		};
		91355A9D293AEE4800907610 /* Preview Content */ = {
			isa = PBXGroup;
			children = (
				91355A9E293AEE4800907610 /* Preview Assets.xcassets */,
			);
			path = "Preview Content";
			sourceTree = "<group>";
		};
		91355AA7293AEE4800907610 /* WeNeverDieTests */ = {
			isa = PBXGroup;
			children = (
				91355AA8293AEE4800907610 /* WeNeverDieTests.swift */,
			);
			path = WeNeverDieTests;
			sourceTree = "<group>";
		};
		91355AB1293AEE4800907610 /* WeNeverDieUITests */ = {
			isa = PBXGroup;
			children = (
				91355AB2293AEE4800907610 /* WeNeverDieUITests.swift */,
				91355AB4293AEE4800907610 /* WeNeverDieUITestsLaunchTests.swift */,
			);
			path = WeNeverDieUITests;
			sourceTree = "<group>";
		};
		91355ACB293AF17100907610 /* Mob Data */ = {
			isa = PBXGroup;
			children = (
				91355AC5293AEE6A00907610 /* Piece.swift */,
				91355AC9293AF0E600907610 /* playerUnit.swift */,
				CA9A027E29B64A4400ED390B /* recruit.swift */,
				CA23AE5C29523977003DC26D /* Zombie.swift */,
			);
			path = "Mob Data";
			sourceTree = "<group>";
		};
		91355AD1293AF5FE00907610 /* CoreData */ = {
			isa = PBXGroup;
			children = (
				CACCD56E298C8085005BE6DE /* GameView.swift */,
				CA33237F2A1D40060078E79C /* Saving */,
				CAA91FD929A2DF5C00DCCEC5 /* ResourcePool.swift */,
				CA33231E2A1C40540078E79C /* GameCondition.swift */,
				CA33231C2A1C38920078E79C /* StockpileManager.swift */,
			);
			path = CoreData;
			sourceTree = "<group>";
		};
		CA16EAC129C93CBD0047593B /* StatusViewBar */ = {
			isa = PBXGroup;
			children = (
				CAD25F8529AD11ED0037C6F6 /* StatusViewBar.swift */,
				CA16EAC829C93EBC0047593B /* FoodCounter.swift */,
				CA16EAC629C93E3B0047593B /* CountDown.swift */,
				CA16EAC429C93DBD0047593B /* SearchButton.swift */,
				CA16EAC229C93D1F0047593B /* NextTurnButton.swift */,
			);
			path = StatusViewBar;
			sourceTree = "<group>";
		};
		CA16EACA29C93FF00047593B /* Settings */ = {
			isa = PBXGroup;
			children = (
				CA744D3029A83D5B00F40B4F /* Settings.swift */,
				CA7510B42A097E29004AAAE3 /* ResetButtons.swift */,
				CA7510B22A097A53004AAAE3 /* MuteToggleButton.swift */,
				CA16EABF29C935D50047593B /* HardModeResetButtonView.swift */,
				CA16EABD29C9356D0047593B /* ResetButtonView.swift */,
			);
			path = Settings;
			sourceTree = "<group>";
		};
		CA16EAF129CAA7000047593B /* ZombieSFX */ = {
			isa = PBXGroup;
			children = (
				CA3314DF29C80C0F00442EC3 /* Wet Eating.m4a */,
				CA8A319B296CC04C00755BCE /* Monster Noises.m4a */,
				CAF863072A1E916200D5957A /* Alert Noise Much Louder.mp3 */,
				CA2A2E662A06B2D6006FEE7D /* Alert Noise Trimmed.m4a */,
				CAF863052A1E8FC800D5957A /* Alert Noise 2.mp3 */,
				CA9A034D29BFD57000ED390B /* Nom.m4a */,
				CA9A034B29BFD4FF00ED390B /* Long Growl.m4a */,
			);
			path = ZombieSFX;
			sourceTree = "<group>";
		};
		CA16EAF229CAA7220047593B /* PlayerSFX */ = {
			isa = PBXGroup;
			children = (
				CAF863092A1E931400D5957A /* cleanFootsteps2.mp3 */,
				CAAD62F52A256ACB00670216 /* betterStabs.mp3 */,
				CAAD62F32A256A4800670216 /* betterGrabbing.mp3 */,
				CA9A036329C0DE8D00ED390B /* EmptySearch.mp3 */,
				CA9A034F29BFF57200ED390B /* knifestabsfx.mp3 */,
			);
			path = PlayerSFX;
			sourceTree = "<group>";
		};
		CA16EAF429CAA7690047593B /* TransitionSFX */ = {
			isa = PBXGroup;
			children = (
				CAF8630D2A1E981B00D5957A /* close door sfx.mp3 */,
				CA9A036729C0E06900ED390B /* LeavingSFX.mp3 */,
				CA33239A2A1D520B0078E79C /* car startingSFX.mp3 */,
				CAF8630B2A1E94E200D5957A /* quieter car starting.mp3 */,
				CA9A036529C0DF7200ED390B /* Van DoorSFX.mp3 */,
			);
			path = TransitionSFX;
			sourceTree = "<group>";
		};
		CA17474129A9446B00B81EF8 /* Camp Mode */ = {
			isa = PBXGroup;
			children = (
				CA3323402A1C6EBB0078E79C /* Building */,
				CA90F82929ABDDA500AD34E9 /* CampView */,
			);
			path = "Camp Mode";
			sourceTree = "<group>";
		};
		CA17474229A944AB00B81EF8 /* Sound Effects */ = {
			isa = PBXGroup;
			children = (
				CAAD62EF2A25651200670216 /* Smaller Complete Hammer.mp3 */,
				CAAD62F12A25655B00670216 /* Better Hammer.mp3 */,
				CAAD62ED2A2564A200670216 /* Improved Thump.mp3 */,
				CAAD62EB2A25641A00670216 /* Next Turn Quiet.mp3 */,
				CA16EAF429CAA7690047593B /* TransitionSFX */,
				CA16EAF229CAA7220047593B /* PlayerSFX */,
				CA16EAF129CAA7000047593B /* ZombieSFX */,
			);
			path = "Sound Effects";
			sourceTree = "<group>";
		};
		CA17474429A9451500B81EF8 /* Display */ = {
			isa = PBXGroup;
			children = (
				CA9A033C29BE9BE200ED390B /* ExitOverlays */,
				91355AC3293AEE6A00907610 /* OutsideView.swift */,
				CAD25F8729AD15000037C6F6 /* BoardView.swift */,
				CA16EAC129C93CBD0047593B /* StatusViewBar */,
				CA7981E429DB884F005D9382 /* PieceDisplay */,
			);
			path = Display;
			sourceTree = "<group>";
		};
		CA17474529A9453600B81EF8 /* World */ = {
			isa = PBXGroup;
			children = (
				CA23AE5A29514D69003DC26D /* Tile.swift */,
				CAE88A502975E6AB00AEB5B0 /* PerTurn.swift */,
				91355AC1293AEE5C00907610 /* Board.swift */,
				CA744D2A29A7D10A00F40B4F /* BoardFunctions.swift */,
			);
			path = World;
			sourceTree = "<group>";
		};
		CA17474629A9456000B81EF8 /* Mob Functions */ = {
			isa = PBXGroup;
			children = (
				CA48C74B298387E200106B97 /* MobFunc.swift */,
				CAE88A4C2975E4DC00AEB5B0 /* PlayerFunc.swift */,
				CA8B95DC29EB8CD40099C121 /* handleTapFunctions.swift */,
				CAE88A4A2975E43000AEB5B0 /* ZombieFunc.swift */,
			);
			path = "Mob Functions";
			sourceTree = "<group>";
		};
		CA17474729A9457900B81EF8 /* Tutorial */ = {
			isa = PBXGroup;
			children = (
				CA744D2C29A8113E00F40B4F /* TutorialView.swift */,
				CA9A032B29BD7F7B00ED390B /* SkipTutorialButton.swift */,
				CA9A029029B6DFCF00ED390B /* introText.swift */,
				CA9A029829B6E03F00ED390B /* Controls */,
				CA9A029229B6DFEC00ED390B /* enemyView.swift */,
				CA9A032D29BE36AA00ED390B /* firstTutorialExit.swift */,
				CA9A028329B6DD8000ED390B /* Tiles */,
				CA9A028629B6DF4400ED390B /* sendOff.swift */,
			);
			path = Tutorial;
			sourceTree = "<group>";
		};
		CA17474829A945BE00B81EF8 /* Music */ = {
			isa = PBXGroup;
			children = (
				CA9A034929BFD25400ED390B /* The Dismal Hand - The Whole Other.mp3 */,
				CA9A036929C0E41E00ED390B /* Shadows - Anno Domini Beats.mp3 */,
				CA341E8529A5912E00225529 /* Kurt - Cheel.mp3 */,
			);
			path = Music;
			sourceTree = "<group>";
		};
		CA3323402A1C6EBB0078E79C /* Building */ = {
			isa = PBXGroup;
			children = (
				CAF8636B2A20034200D5957A /* Building Views */,
				CAF8636D2A20036000D5957A /* Building Types */,
				CAF8636C2A20035200D5957A /* Building Manager */,
			);
			path = Building;
			sourceTree = "<group>";
		};
		CA33237F2A1D40060078E79C /* Saving */ = {
			isa = PBXGroup;
			children = (
				CA9A029E29B944ED00ED390B /* UserDefaultsPersistance.swift */,
				CA9A02A529B94B2700ED390B /* DataService.swift */,
				CA33231A2A1C37C80078E79C /* ResourceData.swift */,
			);
			path = Saving;
			sourceTree = "<group>";
		};
		CA7510BA2A099019004AAAE3 /* Second Stage */ = {
			isa = PBXGroup;
			children = (
				CA7510B62A098897004AAAE3 /* BadResultView.swift */,
				CA3314DD29C8096D00442EC3 /* ResultScreen.swift */,
				CA7510B82A098C02004AAAE3 /* DistractionView.swift */,
			);
			path = "Second Stage";
			sourceTree = "<group>";
		};
		CA7981E429DB884F005D9382 /* PieceDisplay */ = {
			isa = PBXGroup;
			children = (
				CA17473F29A938AB00B81EF8 /* PieceDisplay.swift */,
				CA90F82529ABAF1F00AD34E9 /* TilePieceDisplay.swift */,
				CA7981E229DB2E16005D9382 /* staminaBars.swift */,
				CA85A61A29CB5D8500900C3C /* DefaultStatDisplay.swift */,
				CA3314EB29C9136F00442EC3 /* PieceStatsDisplay.swift */,
			);
			path = PieceDisplay;
			sourceTree = "<group>";
		};
		CA8A319A296CC03E00755BCE /* Sounds */ = {
			isa = PBXGroup;
			children = (
				CA2A2E692A06C7B4006FEE7D /* AudioManager.swift */,
				CA17474229A944AB00B81EF8 /* Sound Effects */,
				CA17474829A945BE00B81EF8 /* Music */,
			);
			path = Sounds;
			sourceTree = "<group>";
		};
		CA8B95D829EB814D0099C121 /* CureView */ = {
			isa = PBXGroup;
			children = (
				CA9A033329BE4D6700ED390B /* CureProgressInfoView.swift */,
				CA9A02B329B970EB00ED390B /* CureProgressView.swift */,
			);
			path = CureView;
			sourceTree = "<group>";
		};
		CA8B95D929EB816B0099C121 /* Survivor Selector */ = {
			isa = PBXGroup;
			children = (
				CA8B95CF29DE42B90099C121 /* LazySurvivorSelector.swift */,
				CA16EAEF29CAA3410047593B /* survivorSelector.swift */,
			);
			path = "Survivor Selector";
			sourceTree = "<group>";
		};
		CA8B95DA29EB823B0099C121 /* Button Places */ = {
			isa = PBXGroup;
			children = (
				CA90F83029ABDE9900AD34E9 /* TopButtons.swift */,
				CA8B95D829EB814D0099C121 /* CureView */,
				CA16EAEB29CAA0750047593B /* RightHandButtons.swift */,
				CA16EAED29CAA0A20047593B /* LeftHandButtons.swift */,
			);
			path = "Button Places";
			sourceTree = "<group>";
		};
		CA8B95DB29EB82940099C121 /* Next Day Buttons */ = {
			isa = PBXGroup;
			children = (
				CA16EAE929CA975F0047593B /* PassDayButton.swift */,
				CA16EAE729CA95D70047593B /* BeginMissionButton.swift */,
			);
			path = "Next Day Buttons";
			sourceTree = "<group>";
		};
		CA90F82929ABDDA500AD34E9 /* CampView */ = {
			isa = PBXGroup;
			children = (
				CA8B95DB29EB82940099C121 /* Next Day Buttons */,
				CACCD570298C8B5A005BE6DE /* Camp.swift */,
				CAB1618D2A2BD7B700EEF16A /* CampInterface.swift */,
				CA8B95DA29EB823B0099C121 /* Button Places */,
				CA8B95D929EB816B0099C121 /* Survivor Selector */,
				CA90F82A29ABDDC600AD34E9 /* CampStats.swift */,
				CA9A029929B6E26500ED390B /* Events */,
			);
			path = CampView;
			sourceTree = "<group>";
		};
		CA9A028329B6DD8000ED390B /* Tiles */ = {
			isa = PBXGroup;
			children = (
				CA744D2E29A82C6300F40B4F /* tileExplainView.swift */,
				CA9A028429B6DF1800ED390B /* waterExplainView.swift */,
				CA9A028829B6DF6400ED390B /* grassTutorial.swift */,
				CA9A028A29B6DF8000ED390B /* escapeExplainView.swift */,
				CA9A028C29B6DF9700ED390B /* buildingAndScavengeExplained.swift */,
				CA9A028E29B6DFAB00ED390B /* forestExplainView.swift */,
			);
			path = Tiles;
			sourceTree = "<group>";
		};
		CA9A029829B6E03F00ED390B /* Controls */ = {
			isa = PBXGroup;
			children = (
				CA9A029629B6E01800ED390B /* HowToAttack.swift */,
				CA9A029429B6E00200ED390B /* HowToMove.swift */,
			);
			path = Controls;
			sourceTree = "<group>";
		};
		CA9A029929B6E26500ED390B /* Events */ = {
			isa = PBXGroup;
			children = (
				CA90F82E29ABDE2A00AD34E9 /* VictoryView.swift */,
				CA90F82C29ABDE0C00AD34E9 /* DefeatView.swift */,
			);
			path = Events;
			sourceTree = "<group>";
		};
		CA9A033729BE5E9700ED390B /* Components */ = {
			isa = PBXGroup;
			children = (
				CA9A033829BE87E300ED390B /* VerticalProgressBar.swift */,
				CA9A02B529B972F300ED390B /* PieceRotationTest.swift */,
				CA9A036B29C0EED600ED390B /* AlertExample.swift */,
				CA7510AE2A095392004AAAE3 /* TappableSlider.swift */,
			);
			path = Components;
			sourceTree = "<group>";
		};
		CA9A033C29BE9BE200ED390B /* ExitOverlays */ = {
			isa = PBXGroup;
			children = (
				CA90F82329ABA81A00AD34E9 /* ExitOverlayView.swift */,
				CA9A034429BF7ABE00ED390B /* MessageView.swift */,
				CA9A034129BE9E7500ED390B /* Night Decision */,
			);
			path = ExitOverlays;
			sourceTree = "<group>";
		};
		CA9A034129BE9E7500ED390B /* Night Decision */ = {
			isa = PBXGroup;
			children = (
				CA9A033A29BE954700ED390B /* NightExitView.swift */,
				CA9A034229BF7A0200ED390B /* NightResultsCalculator.swift */,
				CA9A033F29BE9D6E00ED390B /* NightDecisionView.swift */,
				CA7510BA2A099019004AAAE3 /* Second Stage */,
			);
			path = "Night Decision";
			sourceTree = "<group>";
		};
		CACCD579298C8C10005BE6DE /* Outside Mode */ = {
			isa = PBXGroup;
			children = (
				91355ACB293AF17100907610 /* Mob Data */,
				CA17474629A9456000B81EF8 /* Mob Functions */,
				CA17474529A9453600B81EF8 /* World */,
				CA17474429A9451500B81EF8 /* Display */,
			);
			path = "Outside Mode";
			sourceTree = "<group>";
		};
		CAF8636B2A20034200D5957A /* Building Views */ = {
			isa = PBXGroup;
			children = (
				CA3323222A1C46A10078E79C /* BuildingView.swift */,
				CA3323452A1D11220078E79C /* BuildingViewConstructor.swift */,
			);
			path = "Building Views";
			sourceTree = "<group>";
		};
		CAF8636C2A20035200D5957A /* Building Manager */ = {
			isa = PBXGroup;
			children = (
				CA3323182A1C352D0078E79C /* BuildingManager.swift */,
			);
			path = "Building Manager";
			sourceTree = "<group>";
		};
		CAF8636D2A20036000D5957A /* Building Types */ = {
			isa = PBXGroup;
			children = (
				CAF863A42A22BC1A00D5957A /* Upgrades */,
				CAF863702A20038700D5957A /* Produce Builds */,
				CAF8636F2A20037C00D5957A /* Advance Builds */,
				CAF8636E2A20036F00D5957A /* Default Builds */,
			);
			path = "Building Types";
			sourceTree = "<group>";
		};
		CAF8636E2A20036F00D5957A /* Default Builds */ = {
			isa = PBXGroup;
			children = (
				CA9A029C29B9363700ED390B /* Building.swift */,
				CAF863712A2003DA00D5957A /* BuildingData.swift */,
			);
			path = "Default Builds";
			sourceTree = "<group>";
		};
		CAF8636F2A20037C00D5957A /* Advance Builds */ = {
			isa = PBXGroup;
			children = (
				CAF863732A2003FE00D5957A /* AdvancementBuilding.swift */,
				CAF863752A20041D00D5957A /* AdvancementData.swift */,
			);
			path = "Advance Builds";
			sourceTree = "<group>";
		};
		CAF863702A20038700D5957A /* Produce Builds */ = {
			isa = PBXGroup;
			children = (
				CAF8637B2A20049900D5957A /* ResourceProducer.swift */,
				CAF863772A20045D00D5957A /* ProducerData.swift */,
			);
			path = "Produce Builds";
			sourceTree = "<group>";
		};
		CAF863A42A22BC1A00D5957A /* Upgrades */ = {
			isa = PBXGroup;
			children = (
			);
			path = Upgrades;
			sourceTree = "<group>";
		};
		E5DE11A529AD28E10095416B /* Style */ = {
			isa = PBXGroup;
			children = (
				E5DE11A629AD28ED0095416B /* ViewExtensions.swift */,
			);
			path = Style;
			sourceTree = "<group>";
		};
/* End PBXGroup section */

/* Begin PBXNativeTarget section */
		91355A8D293AEE4700907610 /* WeNeverDie */ = {
			isa = PBXNativeTarget;
			buildConfigurationList = 91355AB8293AEE4800907610 /* Build configuration list for PBXNativeTarget "WeNeverDie" */;
			buildPhases = (
				91355A8A293AEE4700907610 /* Sources */,
				91355A8B293AEE4700907610 /* Frameworks */,
				91355A8C293AEE4700907610 /* Resources */,
			);
			buildRules = (
			);
			dependencies = (
			);
			name = WeNeverDie;
			productName = BoardGame4;
			productReference = 91355A8E293AEE4700907610 /* WeNeverDie.app */;
			productType = "com.apple.product-type.application";
		};
		91355AA3293AEE4800907610 /* WeNeverDieTests */ = {
			isa = PBXNativeTarget;
			buildConfigurationList = 91355ABB293AEE4800907610 /* Build configuration list for PBXNativeTarget "WeNeverDieTests" */;
			buildPhases = (
				91355AA0293AEE4800907610 /* Sources */,
				91355AA1293AEE4800907610 /* Frameworks */,
				91355AA2293AEE4800907610 /* Resources */,
			);
			buildRules = (
			);
			dependencies = (
				91355AA6293AEE4800907610 /* PBXTargetDependency */,
			);
			name = WeNeverDieTests;
			productName = BoardGame4Tests;
			productReference = 91355AA4293AEE4800907610 /* WeNeverDieTests.xctest */;
			productType = "com.apple.product-type.bundle.unit-test";
		};
		91355AAD293AEE4800907610 /* WeNeverDieUITests */ = {
			isa = PBXNativeTarget;
			buildConfigurationList = 91355ABE293AEE4800907610 /* Build configuration list for PBXNativeTarget "WeNeverDieUITests" */;
			buildPhases = (
				91355AAA293AEE4800907610 /* Sources */,
				91355AAB293AEE4800907610 /* Frameworks */,
				91355AAC293AEE4800907610 /* Resources */,
			);
			buildRules = (
			);
			dependencies = (
				91355AB0293AEE4800907610 /* PBXTargetDependency */,
			);
			name = WeNeverDieUITests;
			productName = BoardGame4UITests;
			productReference = 91355AAE293AEE4800907610 /* WeNeverDieUITests.xctest */;
			productType = "com.apple.product-type.bundle.ui-testing";
		};
/* End PBXNativeTarget section */

/* Begin PBXProject section */
		91355A86293AEE4700907610 /* Project object */ = {
			isa = PBXProject;
			attributes = {
				BuildIndependentTargetsInParallel = 1;
				LastSwiftUpdateCheck = 1410;
				LastUpgradeCheck = 1420;
				TargetAttributes = {
					91355A8D293AEE4700907610 = {
						CreatedOnToolsVersion = 14.1;
					};
					91355AA3293AEE4800907610 = {
						CreatedOnToolsVersion = 14.1;
						TestTargetID = 91355A8D293AEE4700907610;
					};
					91355AAD293AEE4800907610 = {
						CreatedOnToolsVersion = 14.1;
						TestTargetID = 91355A8D293AEE4700907610;
					};
				};
			};
			buildConfigurationList = 91355A89293AEE4700907610 /* Build configuration list for PBXProject "WeNeverDie" */;
			compatibilityVersion = "Xcode 14.0";
			developmentRegion = en;
			hasScannedForEncodings = 0;
			knownRegions = (
				en,
				Base,
			);
			mainGroup = 91355A85293AEE4700907610;
			productRefGroup = 91355A8F293AEE4700907610 /* Products */;
			projectDirPath = "";
			projectRoot = "";
			targets = (
				91355A8D293AEE4700907610 /* WeNeverDie */,
				91355AA3293AEE4800907610 /* WeNeverDieTests */,
				91355AAD293AEE4800907610 /* WeNeverDieUITests */,
			);
		};
/* End PBXProject section */

/* Begin PBXResourcesBuildPhase section */
		91355A8C293AEE4700907610 /* Resources */ = {
			isa = PBXResourcesBuildPhase;
			buildActionMask = 2147483647;
			files = (
				CA2A2E6B2A06F58C006FEE7D /* Wet Eating.m4a in Resources */,
				CA9A036429C0DE8D00ED390B /* EmptySearch.mp3 in Resources */,
				CA9A036829C0E06900ED390B /* LeavingSFX.mp3 in Resources */,
				CA33239B2A1D520B0078E79C /* car startingSFX.mp3 in Resources */,
				CA9A035029BFF57200ED390B /* knifestabsfx.mp3 in Resources */,
				CA9A034C29BFD50000ED390B /* Long Growl.m4a in Resources */,
				CA2A2E682A06C071006FEE7D /* Kurt - Cheel.mp3 in Resources */,
				CA9A036A29C0E41E00ED390B /* Shadows - Anno Domini Beats.mp3 in Resources */,
				CAAD62F22A25655B00670216 /* Better Hammer.mp3 in Resources */,
				CAAD62F62A256ACB00670216 /* betterStabs.mp3 in Resources */,
				CA2A2E672A06B2D6006FEE7D /* Alert Noise Trimmed.m4a in Resources */,
				91355A9F293AEE4800907610 /* Preview Assets.xcassets in Resources */,
				CAAD62EC2A25641A00670216 /* Next Turn Quiet.mp3 in Resources */,
				91355A9B293AEE4800907610 /* Assets.xcassets in Resources */,
				CAF8630C2A1E94E200D5957A /* quieter car starting.mp3 in Resources */,
				CA9A034829BFD14400ED390B /* Monster Noises.m4a in Resources */,
				CA9A036629C0DF7200ED390B /* Van DoorSFX.mp3 in Resources */,
				CAAD62F42A256A4800670216 /* betterGrabbing.mp3 in Resources */,
				CAAD62EE2A2564A200670216 /* Improved Thump.mp3 in Resources */,
				CA9A034E29BFD57000ED390B /* Nom.m4a in Resources */,
				CA9A034A29BFD25400ED390B /* The Dismal Hand - The Whole Other.mp3 in Resources */,
				CAAD62F02A25651200670216 /* Smaller Complete Hammer.mp3 in Resources */,
				CAF8630F2A1E98CA00D5957A /* close door sfx.mp3 in Resources */,
				CAF863062A1E8FC800D5957A /* Alert Noise 2.mp3 in Resources */,
				CAF863082A1E916200D5957A /* Alert Noise Much Louder.mp3 in Resources */,
				CAF8630A2A1E931400D5957A /* cleanFootsteps2.mp3 in Resources */,
			);
			runOnlyForDeploymentPostprocessing = 0;
		};
		91355AA2293AEE4800907610 /* Resources */ = {
			isa = PBXResourcesBuildPhase;
			buildActionMask = 2147483647;
			files = (
			);
			runOnlyForDeploymentPostprocessing = 0;
		};
		91355AAC293AEE4800907610 /* Resources */ = {
			isa = PBXResourcesBuildPhase;
			buildActionMask = 2147483647;
			files = (
			);
			runOnlyForDeploymentPostprocessing = 0;
		};
/* End PBXResourcesBuildPhase section */

/* Begin PBXSourcesBuildPhase section */
		91355A8A293AEE4700907610 /* Sources */ = {
			isa = PBXSourcesBuildPhase;
			buildActionMask = 2147483647;
			files = (
				CA9A027F29B64A4400ED390B /* recruit.swift in Sources */,
				CA9A033429BE4D6700ED390B /* CureProgressInfoView.swift in Sources */,
				CA7510AF2A095392004AAAE3 /* TappableSlider.swift in Sources */,
				CA2A2E6A2A06C7B4006FEE7D /* AudioManager.swift in Sources */,
				91355A92293AEE4700907610 /* WeNeverDieApp.swift in Sources */,
				CA9A02B629B972F300ED390B /* PieceRotationTest.swift in Sources */,
				CAF863742A2003FE00D5957A /* AdvancementBuilding.swift in Sources */,
				CA9A029729B6E01800ED390B /* HowToAttack.swift in Sources */,
				CA9A034529BF7ABE00ED390B /* MessageView.swift in Sources */,
				CA9A034329BF7A0200ED390B /* NightResultsCalculator.swift in Sources */,
				CA33231F2A1C40540078E79C /* GameCondition.swift in Sources */,
				CAF863782A20045D00D5957A /* ProducerData.swift in Sources */,
				CA744D3129A83D5B00F40B4F /* Settings.swift in Sources */,
				CA9A032E29BE36AA00ED390B /* firstTutorialExit.swift in Sources */,
				CA9A034029BE9D6E00ED390B /* NightDecisionView.swift in Sources */,
				CA16EABE29C9356D0047593B /* ResetButtonView.swift in Sources */,
				CA9A028D29B6DF9700ED390B /* buildingAndScavengeExplained.swift in Sources */,
				CA9A028B29B6DF8000ED390B /* escapeExplainView.swift in Sources */,
				CA16EAC729C93E3B0047593B /* CountDown.swift in Sources */,
				CA9A02B429B970EB00ED390B /* CureProgressView.swift in Sources */,
				CA3323192A1C352D0078E79C /* BuildingManager.swift in Sources */,
				CA16EAEC29CAA0750047593B /* RightHandButtons.swift in Sources */,
				CA7510B32A097A53004AAAE3 /* MuteToggleButton.swift in Sources */,
				CAE88A4B2975E43000AEB5B0 /* ZombieFunc.swift in Sources */,
				CAB1618E2A2BD7B700EEF16A /* CampInterface.swift in Sources */,
				CA7981E329DB2E16005D9382 /* staminaBars.swift in Sources */,
				CA7510B52A097E29004AAAE3 /* ResetButtons.swift in Sources */,
				CACCD56F298C8085005BE6DE /* GameView.swift in Sources */,
				CA16EAF029CAA3410047593B /* survivorSelector.swift in Sources */,
				CA9A028529B6DF1800ED390B /* waterExplainView.swift in Sources */,
				CA3323232A1C46A10078E79C /* BuildingView.swift in Sources */,
				91355ACA293AF0E600907610 /* playerUnit.swift in Sources */,
				CA9A032C29BD7F7B00ED390B /* SkipTutorialButton.swift in Sources */,
				CA3314EC29C9136F00442EC3 /* PieceStatsDisplay.swift in Sources */,
				CA8B95DD29EB8CD40099C121 /* handleTapFunctions.swift in Sources */,
				CA9A033929BE87E300ED390B /* VerticalProgressBar.swift in Sources */,
				CA16EAC929C93EBC0047593B /* FoodCounter.swift in Sources */,
				CAD25F8629AD11ED0037C6F6 /* StatusViewBar.swift in Sources */,
				CA16EAEA29CA975F0047593B /* PassDayButton.swift in Sources */,
				CA9A033B29BE954700ED390B /* NightExitView.swift in Sources */,
				CA23AE5B29514D69003DC26D /* Tile.swift in Sources */,
				CA744D2B29A7D10A00F40B4F /* BoardFunctions.swift in Sources */,
				E5DE11A729AD28ED0095416B /* ViewExtensions.swift in Sources */,
				CA8B95D029DE42B90099C121 /* LazySurvivorSelector.swift in Sources */,
				CAE88A4D2975E4DC00AEB5B0 /* PlayerFunc.swift in Sources */,
				CA9A028729B6DF4400ED390B /* sendOff.swift in Sources */,
				CA9A028929B6DF6400ED390B /* grassTutorial.swift in Sources */,
				CA744D2F29A82C6300F40B4F /* tileExplainView.swift in Sources */,
				91355AC2293AEE5C00907610 /* Board.swift in Sources */,
				CA16EAC529C93DBD0047593B /* SearchButton.swift in Sources */,
				CAF8637C2A20049900D5957A /* ResourceProducer.swift in Sources */,
				CA17474029A938AB00B81EF8 /* PieceDisplay.swift in Sources */,
				CAA91FDA29A2DF5C00DCCEC5 /* ResourcePool.swift in Sources */,
				CA9A036C29C0EED600ED390B /* AlertExample.swift in Sources */,
				91355AC6293AEE6A00907610 /* OutsideView.swift in Sources */,
				91355AC8293AEE6B00907610 /* Piece.swift in Sources */,
				CA90F83129ABDE9900AD34E9 /* TopButtons.swift in Sources */,
				CA9A029329B6DFEC00ED390B /* enemyView.swift in Sources */,
				CA9A029D29B9363700ED390B /* Building.swift in Sources */,
				CA9A02A629B94B2700ED390B /* DataService.swift in Sources */,
				CA3314DE29C8096D00442EC3 /* ResultScreen.swift in Sources */,
				CA90F82429ABA81A00AD34E9 /* ExitOverlayView.swift in Sources */,
				CA16EAC029C935D50047593B /* HardModeResetButtonView.swift in Sources */,
				CA85A61B29CB5D8500900C3C /* DefaultStatDisplay.swift in Sources */,
				CAF863762A20041D00D5957A /* AdvancementData.swift in Sources */,
				CAE88A512975E6AB00AEB5B0 /* PerTurn.swift in Sources */,
				CA48C74C298387E200106B97 /* MobFunc.swift in Sources */,
				CA90F82B29ABDDC600AD34E9 /* CampStats.swift in Sources */,
				CA7510B92A098C02004AAAE3 /* DistractionView.swift in Sources */,
				CA33231B2A1C37C80078E79C /* ResourceData.swift in Sources */,
				CA16EAC329C93D1F0047593B /* NextTurnButton.swift in Sources */,
				CA3323462A1D11220078E79C /* BuildingViewConstructor.swift in Sources */,
				CA90F82F29ABDE2A00AD34E9 /* VictoryView.swift in Sources */,
				CA9A029529B6E00200ED390B /* HowToMove.swift in Sources */,
				CA16EAE829CA95D70047593B /* BeginMissionButton.swift in Sources */,
				CAF863722A2003DA00D5957A /* BuildingData.swift in Sources */,
				CA744D2D29A8113E00F40B4F /* TutorialView.swift in Sources */,
				CACCD571298C8B5A005BE6DE /* Camp.swift in Sources */,
				CA33231D2A1C38920078E79C /* StockpileManager.swift in Sources */,
				CA9A02A429B946B700ED390B /* UserDefaultsPersistance.swift in Sources */,
				CA90F82629ABAF1F00AD34E9 /* TilePieceDisplay.swift in Sources */,
				CA90F82D29ABDE0C00AD34E9 /* DefeatView.swift in Sources */,
				CA9A029129B6DFCF00ED390B /* introText.swift in Sources */,
				CAD25F8829AD15000037C6F6 /* BoardView.swift in Sources */,
				CA23AE5D29523977003DC26D /* Zombie.swift in Sources */,
				CA16EAEE29CAA0A20047593B /* LeftHandButtons.swift in Sources */,
				CA9A028F29B6DFAB00ED390B /* forestExplainView.swift in Sources */,
				CA7510B72A098897004AAAE3 /* BadResultView.swift in Sources */,
			);
			runOnlyForDeploymentPostprocessing = 0;
		};
		91355AA0293AEE4800907610 /* Sources */ = {
			isa = PBXSourcesBuildPhase;
			buildActionMask = 2147483647;
			files = (
				91355AA9293AEE4800907610 /* WeNeverDieTests.swift in Sources */,
			);
			runOnlyForDeploymentPostprocessing = 0;
		};
		91355AAA293AEE4800907610 /* Sources */ = {
			isa = PBXSourcesBuildPhase;
			buildActionMask = 2147483647;
			files = (
				91355AB5293AEE4800907610 /* WeNeverDieUITestsLaunchTests.swift in Sources */,
				91355AB3293AEE4800907610 /* WeNeverDieUITests.swift in Sources */,
			);
			runOnlyForDeploymentPostprocessing = 0;
		};
/* End PBXSourcesBuildPhase section */

/* Begin PBXTargetDependency section */
		91355AA6293AEE4800907610 /* PBXTargetDependency */ = {
			isa = PBXTargetDependency;
			target = 91355A8D293AEE4700907610 /* WeNeverDie */;
			targetProxy = 91355AA5293AEE4800907610 /* PBXContainerItemProxy */;
		};
		91355AB0293AEE4800907610 /* PBXTargetDependency */ = {
			isa = PBXTargetDependency;
			target = 91355A8D293AEE4700907610 /* WeNeverDie */;
			targetProxy = 91355AAF293AEE4800907610 /* PBXContainerItemProxy */;
		};
/* End PBXTargetDependency section */

/* Begin XCBuildConfiguration section */
		91355AB6293AEE4800907610 /* Debug */ = {
			isa = XCBuildConfiguration;
			buildSettings = {
				ALWAYS_SEARCH_USER_PATHS = NO;
				CLANG_ANALYZER_NONNULL = YES;
				CLANG_ANALYZER_NUMBER_OBJECT_CONVERSION = YES_AGGRESSIVE;
				CLANG_CXX_LANGUAGE_STANDARD = "gnu++20";
				CLANG_ENABLE_MODULES = YES;
				CLANG_ENABLE_OBJC_ARC = YES;
				CLANG_ENABLE_OBJC_WEAK = YES;
				CLANG_WARN_BLOCK_CAPTURE_AUTORELEASING = YES;
				CLANG_WARN_BOOL_CONVERSION = YES;
				CLANG_WARN_COMMA = YES;
				CLANG_WARN_CONSTANT_CONVERSION = YES;
				CLANG_WARN_DEPRECATED_OBJC_IMPLEMENTATIONS = YES;
				CLANG_WARN_DIRECT_OBJC_ISA_USAGE = YES_ERROR;
				CLANG_WARN_DOCUMENTATION_COMMENTS = YES;
				CLANG_WARN_EMPTY_BODY = YES;
				CLANG_WARN_ENUM_CONVERSION = YES;
				CLANG_WARN_INFINITE_RECURSION = YES;
				CLANG_WARN_INT_CONVERSION = YES;
				CLANG_WARN_NON_LITERAL_NULL_CONVERSION = YES;
				CLANG_WARN_OBJC_IMPLICIT_RETAIN_SELF = YES;
				CLANG_WARN_OBJC_LITERAL_CONVERSION = YES;
				CLANG_WARN_OBJC_ROOT_CLASS = YES_ERROR;
				CLANG_WARN_QUOTED_INCLUDE_IN_FRAMEWORK_HEADER = YES;
				CLANG_WARN_RANGE_LOOP_ANALYSIS = YES;
				CLANG_WARN_STRICT_PROTOTYPES = YES;
				CLANG_WARN_SUSPICIOUS_MOVE = YES;
				CLANG_WARN_UNGUARDED_AVAILABILITY = YES_AGGRESSIVE;
				CLANG_WARN_UNREACHABLE_CODE = YES;
				CLANG_WARN__DUPLICATE_METHOD_MATCH = YES;
				COPY_PHASE_STRIP = NO;
				DEAD_CODE_STRIPPING = YES;
				DEBUG_INFORMATION_FORMAT = dwarf;
				ENABLE_STRICT_OBJC_MSGSEND = YES;
				ENABLE_TESTABILITY = YES;
				GCC_C_LANGUAGE_STANDARD = gnu11;
				GCC_DYNAMIC_NO_PIC = NO;
				GCC_NO_COMMON_BLOCKS = YES;
				GCC_OPTIMIZATION_LEVEL = 0;
				GCC_PREPROCESSOR_DEFINITIONS = (
					"DEBUG=1",
					"$(inherited)",
				);
				GCC_WARN_64_TO_32_BIT_CONVERSION = YES;
				GCC_WARN_ABOUT_RETURN_TYPE = YES_ERROR;
				GCC_WARN_UNDECLARED_SELECTOR = YES;
				GCC_WARN_UNINITIALIZED_AUTOS = YES_AGGRESSIVE;
				GCC_WARN_UNUSED_FUNCTION = YES;
				GCC_WARN_UNUSED_VARIABLE = YES;
				MTL_ENABLE_DEBUG_INFO = INCLUDE_SOURCE;
				MTL_FAST_MATH = YES;
				ONLY_ACTIVE_ARCH = YES;
				SWIFT_ACTIVE_COMPILATION_CONDITIONS = DEBUG;
				SWIFT_OPTIMIZATION_LEVEL = "-Onone";
			};
			name = Debug;
		};
		91355AB7293AEE4800907610 /* Release */ = {
			isa = XCBuildConfiguration;
			buildSettings = {
				ALWAYS_SEARCH_USER_PATHS = NO;
				CLANG_ANALYZER_NONNULL = YES;
				CLANG_ANALYZER_NUMBER_OBJECT_CONVERSION = YES_AGGRESSIVE;
				CLANG_CXX_LANGUAGE_STANDARD = "gnu++20";
				CLANG_ENABLE_MODULES = YES;
				CLANG_ENABLE_OBJC_ARC = YES;
				CLANG_ENABLE_OBJC_WEAK = YES;
				CLANG_WARN_BLOCK_CAPTURE_AUTORELEASING = YES;
				CLANG_WARN_BOOL_CONVERSION = YES;
				CLANG_WARN_COMMA = YES;
				CLANG_WARN_CONSTANT_CONVERSION = YES;
				CLANG_WARN_DEPRECATED_OBJC_IMPLEMENTATIONS = YES;
				CLANG_WARN_DIRECT_OBJC_ISA_USAGE = YES_ERROR;
				CLANG_WARN_DOCUMENTATION_COMMENTS = YES;
				CLANG_WARN_EMPTY_BODY = YES;
				CLANG_WARN_ENUM_CONVERSION = YES;
				CLANG_WARN_INFINITE_RECURSION = YES;
				CLANG_WARN_INT_CONVERSION = YES;
				CLANG_WARN_NON_LITERAL_NULL_CONVERSION = YES;
				CLANG_WARN_OBJC_IMPLICIT_RETAIN_SELF = YES;
				CLANG_WARN_OBJC_LITERAL_CONVERSION = YES;
				CLANG_WARN_OBJC_ROOT_CLASS = YES_ERROR;
				CLANG_WARN_QUOTED_INCLUDE_IN_FRAMEWORK_HEADER = YES;
				CLANG_WARN_RANGE_LOOP_ANALYSIS = YES;
				CLANG_WARN_STRICT_PROTOTYPES = YES;
				CLANG_WARN_SUSPICIOUS_MOVE = YES;
				CLANG_WARN_UNGUARDED_AVAILABILITY = YES_AGGRESSIVE;
				CLANG_WARN_UNREACHABLE_CODE = YES;
				CLANG_WARN__DUPLICATE_METHOD_MATCH = YES;
				COPY_PHASE_STRIP = NO;
				DEAD_CODE_STRIPPING = YES;
				DEBUG_INFORMATION_FORMAT = "dwarf-with-dsym";
				ENABLE_NS_ASSERTIONS = NO;
				ENABLE_STRICT_OBJC_MSGSEND = YES;
				GCC_C_LANGUAGE_STANDARD = gnu11;
				GCC_NO_COMMON_BLOCKS = YES;
				GCC_WARN_64_TO_32_BIT_CONVERSION = YES;
				GCC_WARN_ABOUT_RETURN_TYPE = YES_ERROR;
				GCC_WARN_UNDECLARED_SELECTOR = YES;
				GCC_WARN_UNINITIALIZED_AUTOS = YES_AGGRESSIVE;
				GCC_WARN_UNUSED_FUNCTION = YES;
				GCC_WARN_UNUSED_VARIABLE = YES;
				MTL_ENABLE_DEBUG_INFO = NO;
				MTL_FAST_MATH = YES;
				SWIFT_COMPILATION_MODE = wholemodule;
				SWIFT_OPTIMIZATION_LEVEL = "-O";
			};
			name = Release;
		};
		91355AB9293AEE4800907610 /* Debug */ = {
			isa = XCBuildConfiguration;
			buildSettings = {
				ASSETCATALOG_COMPILER_APPICON_NAME = AppIcon;
				ASSETCATALOG_COMPILER_GLOBAL_ACCENT_COLOR_NAME = AccentColor;
				CODE_SIGN_ENTITLEMENTS = WeNeverDie/WeNeverDie.entitlements;
				CODE_SIGN_IDENTITY = "-";
				"CODE_SIGN_IDENTITY[sdk=iphoneos*]" = "Apple Development";
				CODE_SIGN_STYLE = Automatic;
				CURRENT_PROJECT_VERSION = 1;
				DEAD_CODE_STRIPPING = YES;
				DEVELOPMENT_ASSET_PATHS = "\"WeNeverDie/Preview Content\"";
				DEVELOPMENT_TEAM = 83Z22V6XMU;
				ENABLE_HARDENED_RUNTIME = YES;
				ENABLE_PREVIEWS = YES;
				GENERATE_INFOPLIST_FILE = YES;
				INFOPLIST_FILE = WeNeverDie/Info.plist;
				INFOPLIST_KEY_CFBundleDisplayName = "We Never Die";
				INFOPLIST_KEY_LSApplicationCategoryType = "public.app-category.adventure-games";
				"INFOPLIST_KEY_UIApplicationSceneManifest_Generation[sdk=iphoneos*]" = YES;
				"INFOPLIST_KEY_UIApplicationSceneManifest_Generation[sdk=iphonesimulator*]" = YES;
				"INFOPLIST_KEY_UIApplicationSupportsIndirectInputEvents[sdk=iphoneos*]" = YES;
				"INFOPLIST_KEY_UIApplicationSupportsIndirectInputEvents[sdk=iphonesimulator*]" = YES;
				"INFOPLIST_KEY_UILaunchScreen_Generation[sdk=iphoneos*]" = YES;
				"INFOPLIST_KEY_UILaunchScreen_Generation[sdk=iphonesimulator*]" = YES;
				INFOPLIST_KEY_UILaunchStoryboardName = "";
				INFOPLIST_KEY_UIStatusBarStyle = "";
				"INFOPLIST_KEY_UIStatusBarStyle[sdk=iphoneos*]" = UIStatusBarStyleDefault;
				"INFOPLIST_KEY_UIStatusBarStyle[sdk=iphonesimulator*]" = UIStatusBarStyleDefault;
				INFOPLIST_KEY_UISupportedInterfaceOrientations = "UIInterfaceOrientationLandscapeLeft UIInterfaceOrientationLandscapeRight UIInterfaceOrientationPortraitUpsideDown";
				INFOPLIST_KEY_UISupportedInterfaceOrientations_iPad = "UIInterfaceOrientationLandscapeLeft UIInterfaceOrientationLandscapeRight UIInterfaceOrientationPortrait UIInterfaceOrientationPortraitUpsideDown";
				IPHONEOS_DEPLOYMENT_TARGET = 16.0;
				LD_RUNPATH_SEARCH_PATHS = "@executable_path/Frameworks";
				"LD_RUNPATH_SEARCH_PATHS[sdk=macosx*]" = "@executable_path/../Frameworks";
				MACOSX_DEPLOYMENT_TARGET = 13.0;
				MARKETING_VERSION = 1.0;
				PRODUCT_BUNDLE_IDENTIFIER = com.ClassyGames.WeNeverDie;
				PRODUCT_NAME = "$(TARGET_NAME)";
				SDKROOT = auto;
				SUPPORTED_PLATFORMS = "iphoneos iphonesimulator macosx";
				SWIFT_EMIT_LOC_STRINGS = YES;
				SWIFT_VERSION = 5.0;
				TARGETED_DEVICE_FAMILY = "1,2";
			};
			name = Debug;
		};
		91355ABA293AEE4800907610 /* Release */ = {
			isa = XCBuildConfiguration;
			buildSettings = {
				ASSETCATALOG_COMPILER_APPICON_NAME = AppIcon;
				ASSETCATALOG_COMPILER_GLOBAL_ACCENT_COLOR_NAME = AccentColor;
				CODE_SIGN_ENTITLEMENTS = WeNeverDie/WeNeverDie.entitlements;
				CODE_SIGN_IDENTITY = "-";
				"CODE_SIGN_IDENTITY[sdk=iphoneos*]" = "Apple Development";
				CODE_SIGN_STYLE = Automatic;
				CURRENT_PROJECT_VERSION = 1;
				DEAD_CODE_STRIPPING = YES;
				DEVELOPMENT_ASSET_PATHS = "\"WeNeverDie/Preview Content\"";
				DEVELOPMENT_TEAM = 83Z22V6XMU;
				ENABLE_HARDENED_RUNTIME = YES;
				ENABLE_PREVIEWS = YES;
				GENERATE_INFOPLIST_FILE = YES;
				INFOPLIST_FILE = WeNeverDie/Info.plist;
				INFOPLIST_KEY_CFBundleDisplayName = "We Never Die";
				INFOPLIST_KEY_LSApplicationCategoryType = "public.app-category.adventure-games";
				"INFOPLIST_KEY_UIApplicationSceneManifest_Generation[sdk=iphoneos*]" = YES;
				"INFOPLIST_KEY_UIApplicationSceneManifest_Generation[sdk=iphonesimulator*]" = YES;
				"INFOPLIST_KEY_UIApplicationSupportsIndirectInputEvents[sdk=iphoneos*]" = YES;
				"INFOPLIST_KEY_UIApplicationSupportsIndirectInputEvents[sdk=iphonesimulator*]" = YES;
				"INFOPLIST_KEY_UILaunchScreen_Generation[sdk=iphoneos*]" = YES;
				"INFOPLIST_KEY_UILaunchScreen_Generation[sdk=iphonesimulator*]" = YES;
				INFOPLIST_KEY_UILaunchStoryboardName = "";
				INFOPLIST_KEY_UIStatusBarStyle = "";
				"INFOPLIST_KEY_UIStatusBarStyle[sdk=iphoneos*]" = UIStatusBarStyleDefault;
				"INFOPLIST_KEY_UIStatusBarStyle[sdk=iphonesimulator*]" = UIStatusBarStyleDefault;
				INFOPLIST_KEY_UISupportedInterfaceOrientations = "UIInterfaceOrientationLandscapeLeft UIInterfaceOrientationLandscapeRight UIInterfaceOrientationPortraitUpsideDown";
				INFOPLIST_KEY_UISupportedInterfaceOrientations_iPad = "UIInterfaceOrientationLandscapeLeft UIInterfaceOrientationLandscapeRight UIInterfaceOrientationPortrait UIInterfaceOrientationPortraitUpsideDown";
				IPHONEOS_DEPLOYMENT_TARGET = 16.0;
				LD_RUNPATH_SEARCH_PATHS = "@executable_path/Frameworks";
				"LD_RUNPATH_SEARCH_PATHS[sdk=macosx*]" = "@executable_path/../Frameworks";
				MACOSX_DEPLOYMENT_TARGET = 13.0;
				MARKETING_VERSION = 1.0;
				PRODUCT_BUNDLE_IDENTIFIER = com.ClassyGames.WeNeverDie;
				PRODUCT_NAME = "$(TARGET_NAME)";
				SDKROOT = auto;
				SUPPORTED_PLATFORMS = "iphoneos iphonesimulator macosx";
				SWIFT_EMIT_LOC_STRINGS = YES;
				SWIFT_VERSION = 5.0;
				TARGETED_DEVICE_FAMILY = "1,2";
			};
			name = Release;
		};
		91355ABC293AEE4800907610 /* Debug */ = {
			isa = XCBuildConfiguration;
			buildSettings = {
				ALWAYS_EMBED_SWIFT_STANDARD_LIBRARIES = YES;
				BUNDLE_LOADER = "$(TEST_HOST)";
				CODE_SIGN_STYLE = Automatic;
				CURRENT_PROJECT_VERSION = 1;
				DEAD_CODE_STRIPPING = YES;
				DEVELOPMENT_TEAM = SGDBJPAB63;
				GENERATE_INFOPLIST_FILE = YES;
				IPHONEOS_DEPLOYMENT_TARGET = 16.1;
				MACOSX_DEPLOYMENT_TARGET = 13.0;
				MARKETING_VERSION = 1.0;
				PRODUCT_BUNDLE_IDENTIFIER = com.ClassyGames.WeNeverDieTests;
				PRODUCT_NAME = "$(TARGET_NAME)";
				SDKROOT = auto;
				SUPPORTED_PLATFORMS = "iphoneos iphonesimulator macosx";
				SWIFT_EMIT_LOC_STRINGS = NO;
				SWIFT_VERSION = 5.0;
				TARGETED_DEVICE_FAMILY = "1,2";
				TEST_HOST = "$(BUILT_PRODUCTS_DIR)/WeNeverDie.app/$(BUNDLE_EXECUTABLE_FOLDER_PATH)/WeNeverDie";
			};
			name = Debug;
		};
		91355ABD293AEE4800907610 /* Release */ = {
			isa = XCBuildConfiguration;
			buildSettings = {
				ALWAYS_EMBED_SWIFT_STANDARD_LIBRARIES = YES;
				BUNDLE_LOADER = "$(TEST_HOST)";
				CODE_SIGN_STYLE = Automatic;
				CURRENT_PROJECT_VERSION = 1;
				DEAD_CODE_STRIPPING = YES;
				DEVELOPMENT_TEAM = 83Z22V6XMU;
				GENERATE_INFOPLIST_FILE = YES;
				IPHONEOS_DEPLOYMENT_TARGET = 16.1;
				MACOSX_DEPLOYMENT_TARGET = 13.0;
				MARKETING_VERSION = 1.0;
				PRODUCT_BUNDLE_IDENTIFIER = com.ClassyGames.WeNeverDieTests;
				PRODUCT_NAME = "$(TARGET_NAME)";
				SDKROOT = auto;
				SUPPORTED_PLATFORMS = "iphoneos iphonesimulator macosx";
				SWIFT_EMIT_LOC_STRINGS = NO;
				SWIFT_VERSION = 5.0;
				TARGETED_DEVICE_FAMILY = "1,2";
				TEST_HOST = "$(BUILT_PRODUCTS_DIR)/WeNeverDie.app/$(BUNDLE_EXECUTABLE_FOLDER_PATH)/WeNeverDie";
			};
			name = Release;
		};
		91355ABF293AEE4800907610 /* Debug */ = {
			isa = XCBuildConfiguration;
			buildSettings = {
				ALWAYS_EMBED_SWIFT_STANDARD_LIBRARIES = YES;
				CODE_SIGN_STYLE = Automatic;
				CURRENT_PROJECT_VERSION = 1;
				DEAD_CODE_STRIPPING = YES;
				DEVELOPMENT_TEAM = 83Z22V6XMU;
				GENERATE_INFOPLIST_FILE = YES;
				IPHONEOS_DEPLOYMENT_TARGET = 16.1;
				MACOSX_DEPLOYMENT_TARGET = 13.0;
				MARKETING_VERSION = 1.0;
				PRODUCT_BUNDLE_IDENTIFIER = com.ClassyGames.WeNeverDieUITests;
				PRODUCT_NAME = "$(TARGET_NAME)";
				SDKROOT = auto;
				SUPPORTED_PLATFORMS = "iphoneos iphonesimulator macosx";
				SWIFT_EMIT_LOC_STRINGS = NO;
				SWIFT_VERSION = 5.0;
				TARGETED_DEVICE_FAMILY = "1,2";
				TEST_TARGET_NAME = WeNeverDie;
			};
			name = Debug;
		};
		91355AC0293AEE4800907610 /* Release */ = {
			isa = XCBuildConfiguration;
			buildSettings = {
				ALWAYS_EMBED_SWIFT_STANDARD_LIBRARIES = YES;
				CODE_SIGN_STYLE = Automatic;
				CURRENT_PROJECT_VERSION = 1;
				DEAD_CODE_STRIPPING = YES;
				DEVELOPMENT_TEAM = 83Z22V6XMU;
				GENERATE_INFOPLIST_FILE = YES;
				IPHONEOS_DEPLOYMENT_TARGET = 16.1;
				MACOSX_DEPLOYMENT_TARGET = 13.0;
				MARKETING_VERSION = 1.0;
				PRODUCT_BUNDLE_IDENTIFIER = com.ClassyGames.WeNeverDieUITests;
				PRODUCT_NAME = "$(TARGET_NAME)";
				SDKROOT = auto;
				SUPPORTED_PLATFORMS = "iphoneos iphonesimulator macosx";
				SWIFT_EMIT_LOC_STRINGS = NO;
				SWIFT_VERSION = 5.0;
				TARGETED_DEVICE_FAMILY = "1,2";
				TEST_TARGET_NAME = WeNeverDie;
			};
			name = Release;
		};
/* End XCBuildConfiguration section */

/* Begin XCConfigurationList section */
		91355A89293AEE4700907610 /* Build configuration list for PBXProject "WeNeverDie" */ = {
			isa = XCConfigurationList;
			buildConfigurations = (
				91355AB6293AEE4800907610 /* Debug */,
				91355AB7293AEE4800907610 /* Release */,
			);
			defaultConfigurationIsVisible = 0;
			defaultConfigurationName = Release;
		};
		91355AB8293AEE4800907610 /* Build configuration list for PBXNativeTarget "WeNeverDie" */ = {
			isa = XCConfigurationList;
			buildConfigurations = (
				91355AB9293AEE4800907610 /* Debug */,
				91355ABA293AEE4800907610 /* Release */,
			);
			defaultConfigurationIsVisible = 0;
			defaultConfigurationName = Release;
		};
		91355ABB293AEE4800907610 /* Build configuration list for PBXNativeTarget "WeNeverDieTests" */ = {
			isa = XCConfigurationList;
			buildConfigurations = (
				91355ABC293AEE4800907610 /* Debug */,
				91355ABD293AEE4800907610 /* Release */,
			);
			defaultConfigurationIsVisible = 0;
			defaultConfigurationName = Release;
		};
		91355ABE293AEE4800907610 /* Build configuration list for PBXNativeTarget "WeNeverDieUITests" */ = {
			isa = XCConfigurationList;
			buildConfigurations = (
				91355ABF293AEE4800907610 /* Debug */,
				91355AC0293AEE4800907610 /* Release */,
			);
			defaultConfigurationIsVisible = 0;
			defaultConfigurationName = Release;
		};
/* End XCConfigurationList section */
	};
	rootObject = 91355A86293AEE4700907610 /* Project object */;
}
